
Microsoft Visual Studio Solution File, Format Version 12.00
# Visual Studio 15
VisualStudioVersion = 15.0.26430.15
MinimumVisualStudioVersion = 10.0.40219.1
Project("{FAE04EC0-301F-11D3-BF4B-00C04F79EFBC}") = "GR.Client", "GR.Client\GR.Client.csproj", "{183BCC02-FE62-4C72-BB6D-05447F32CFC8}"
EndProject
Project("{FAE04EC0-301F-11D3-BF4B-00C04F79EFBC}") = "GR.REST", "GR.REST\GR.REST.csproj", "{D6B6D2C6-8196-4E85-84FE-0EE8AB838F46}"
EndProject
Project("{FAE04EC0-301F-11D3-BF4B-00C04F79EFBC}") = "GR.REST.Tests", "GR.Client\GR.REST.Tests\GR.REST.Tests.csproj", "{7EAE1A4F-A1E6-40AB-8CBA-8BA42E6E6FF8}"
EndProject
Project("{FAE04EC0-301F-11D3-BF4B-00C04F79EFBC}") = "GR.Contracts", "GR.Contracts\GR.Contracts.csproj", "{5432FEA9-DB0A-4C9B-BC98-68B23BE9592D}"
EndProject
Project("{FAE04EC0-301F-11D3-BF4B-00C04F79EFBC}") = "GR.Business", "GR.Business\GR.Business.csproj", "{C6E2268B-D14A-466C-B1DD-218F46270F86}"
EndProject
Project("{FAE04EC0-301F-11D3-BF4B-00C04F79EFBC}") = "GR.Data", "GR.Data\GR.Data.csproj", "{41147F75-88DC-49D0-9615-596185C4877D}"
EndProject
Project("{FAE04EC0-301F-11D3-BF4B-00C04F79EFBC}") = "GR.Manager", "GR.Manager\GR.Manager.csproj", "{78E70398-359C-4E2F-BDE7-02CC2D658134}"
EndProject
Project("{FAE04EC0-301F-11D3-BF4B-00C04F79EFBC}") = "GR.Common", "GR.Client\GR.Common\GR.Common.csproj", "{AA7ADD82-7540-443F-A13E-AFFD9FB1292B}"
EndProject
Project("{FAE04EC0-301F-11D3-BF4B-00C04F79EFBC}") = "GR.Manager.Tests", "GR.Manager.Tests\GR.Manager.Tests.csproj", "{2BEF26C6-D32C-4A5C-BF2F-9A8D26F2A8C0}"
EndProject
Project("{FAE04EC0-301F-11D3-BF4B-00C04F79EFBC}") = "GR.Data.Tests", "GR.Data.Tests\GR.Data.Tests.csproj", "{782C3519-624B-449D-B472-49D025F81447}"
EndProject
Project("{FAE04EC0-301F-11D3-BF4B-00C04F79EFBC}") = "GR.Client.Console", "GR.Client.Console\GR.Client.Console.csproj", "{B241E90F-9E7D-4C68-B64D-BAC82155A551}"
EndProject
Project("{FAE04EC0-301F-11D3-BF4B-00C04F79EFBC}") = "GR.Client.Console.Tests", "GR.Client.Console.Tests\GR.Client.Console.Tests.csproj", "{CE195129-54FD-48C1-A1B8-9F71610BACFB}"
EndProject
Project("{9A19103F-16F7-4668-BE54-9A1E7A4F7556}") = "GR.Client.Web", "GR.Client.Web\GR.Client.Web.csproj", "{DB323CF6-6ED9-434F-B813-E537381D91BD}"
EndProject
Project("{9092AA53-FB77-4645-B42D-1CCCA6BD08BD}") = "GR.REST.NodeJS", "GR.REST.NodeJS\GR.REST.NodeJS.njsproj", "{FAFCAA04-51ED-464B-91D7-CDC841B44145}"
EndProject
Project("{D954291E-2A0B-460D-934E-DC6B0785DB48}") = "GR.CrossPlatform.Xamarin", "GR.CrossPlatform.Xamarin\GR.CrossPlatform.Xamarin\GR.CrossPlatform.Xamarin.shproj", "{BD718361-C65E-41BA-AC47-DE13AFA7C77A}"
EndProject
Project("{FAE04EC0-301F-11D3-BF4B-00C04F79EFBC}") = "GR.CrossPlatform.Xamarin.Android", "GR.CrossPlatform.Xamarin\GR.CrossPlatform.Xamarin.Android\GR.CrossPlatform.Xamarin.Android.csproj", "{20AAE886-8178-4D3D-A951-0381F418364A}"
EndProject
Project("{FAE04EC0-301F-11D3-BF4B-00C04F79EFBC}") = "GR.CrossPlatform.Xamarin.iOS", "GR.CrossPlatform.Xamarin\GR.CrossPlatform.Xamarin.iOS\GR.CrossPlatform.Xamarin.iOS.csproj", "{10E36DDD-1F6A-4259-9A88-A42773C750EB}"
EndProject
Project("{FAE04EC0-301F-11D3-BF4B-00C04F79EFBC}") = "GR.CrossPlatform.Xamarin.UWP", "GR.CrossPlatform.Xamarin\GR.CrossPlatform.Xamarin.UWP\GR.CrossPlatform.Xamarin.UWP.csproj", "{810C022C-5985-4C69-A677-526338860342}"
EndProject
Global
	GlobalSection(SharedMSBuildProjectFiles) = preSolution
		GR.CrossPlatform.Xamarin\GR.CrossPlatform.Xamarin\GR.CrossPlatform.Xamarin.projitems*{bd718361-c65e-41ba-ac47-de13afa7c77a}*SharedItemsImports = 13
	EndGlobalSection
	GlobalSection(SolutionConfigurationPlatforms) = preSolution
		Ad-Hoc|Any CPU = Ad-Hoc|Any CPU
		Ad-Hoc|ARM = Ad-Hoc|ARM
		Ad-Hoc|iPhone = Ad-Hoc|iPhone
		Ad-Hoc|iPhoneSimulator = Ad-Hoc|iPhoneSimulator
		Ad-Hoc|x64 = Ad-Hoc|x64
		Ad-Hoc|x86 = Ad-Hoc|x86
		AppStore|Any CPU = AppStore|Any CPU
		AppStore|ARM = AppStore|ARM
		AppStore|iPhone = AppStore|iPhone
		AppStore|iPhoneSimulator = AppStore|iPhoneSimulator
		AppStore|x64 = AppStore|x64
		AppStore|x86 = AppStore|x86
		Debug|Any CPU = Debug|Any CPU
		Debug|ARM = Debug|ARM
		Debug|iPhone = Debug|iPhone
		Debug|iPhoneSimulator = Debug|iPhoneSimulator
		Debug|x64 = Debug|x64
		Debug|x86 = Debug|x86
		Release|Any CPU = Release|Any CPU
		Release|ARM = Release|ARM
		Release|iPhone = Release|iPhone
		Release|iPhoneSimulator = Release|iPhoneSimulator
		Release|x64 = Release|x64
		Release|x86 = Release|x86
	EndGlobalSection
	GlobalSection(ProjectConfigurationPlatforms) = postSolution
		{183BCC02-FE62-4C72-BB6D-05447F32CFC8}.Ad-Hoc|Any CPU.ActiveCfg = Release|Any CPU
		{183BCC02-FE62-4C72-BB6D-05447F32CFC8}.Ad-Hoc|Any CPU.Build.0 = Release|Any CPU
		{183BCC02-FE62-4C72-BB6D-05447F32CFC8}.Ad-Hoc|ARM.ActiveCfg = Release|Any CPU
		{183BCC02-FE62-4C72-BB6D-05447F32CFC8}.Ad-Hoc|ARM.Build.0 = Release|Any CPU
		{183BCC02-FE62-4C72-BB6D-05447F32CFC8}.Ad-Hoc|iPhone.ActiveCfg = Release|Any CPU
		{183BCC02-FE62-4C72-BB6D-05447F32CFC8}.Ad-Hoc|iPhone.Build.0 = Release|Any CPU
		{183BCC02-FE62-4C72-BB6D-05447F32CFC8}.Ad-Hoc|iPhoneSimulator.ActiveCfg = Release|Any CPU
		{183BCC02-FE62-4C72-BB6D-05447F32CFC8}.Ad-Hoc|iPhoneSimulator.Build.0 = Release|Any CPU
		{183BCC02-FE62-4C72-BB6D-05447F32CFC8}.Ad-Hoc|x64.ActiveCfg = Release|Any CPU
		{183BCC02-FE62-4C72-BB6D-05447F32CFC8}.Ad-Hoc|x64.Build.0 = Release|Any CPU
		{183BCC02-FE62-4C72-BB6D-05447F32CFC8}.Ad-Hoc|x86.ActiveCfg = Release|Any CPU
		{183BCC02-FE62-4C72-BB6D-05447F32CFC8}.Ad-Hoc|x86.Build.0 = Release|Any CPU
		{183BCC02-FE62-4C72-BB6D-05447F32CFC8}.AppStore|Any CPU.ActiveCfg = Release|Any CPU
		{183BCC02-FE62-4C72-BB6D-05447F32CFC8}.AppStore|Any CPU.Build.0 = Release|Any CPU
		{183BCC02-FE62-4C72-BB6D-05447F32CFC8}.AppStore|ARM.ActiveCfg = Release|Any CPU
		{183BCC02-FE62-4C72-BB6D-05447F32CFC8}.AppStore|ARM.Build.0 = Release|Any CPU
		{183BCC02-FE62-4C72-BB6D-05447F32CFC8}.AppStore|iPhone.ActiveCfg = Release|Any CPU
		{183BCC02-FE62-4C72-BB6D-05447F32CFC8}.AppStore|iPhone.Build.0 = Release|Any CPU
		{183BCC02-FE62-4C72-BB6D-05447F32CFC8}.AppStore|iPhoneSimulator.ActiveCfg = Release|Any CPU
		{183BCC02-FE62-4C72-BB6D-05447F32CFC8}.AppStore|iPhoneSimulator.Build.0 = Release|Any CPU
		{183BCC02-FE62-4C72-BB6D-05447F32CFC8}.AppStore|x64.ActiveCfg = Release|Any CPU
		{183BCC02-FE62-4C72-BB6D-05447F32CFC8}.AppStore|x64.Build.0 = Release|Any CPU
		{183BCC02-FE62-4C72-BB6D-05447F32CFC8}.AppStore|x86.ActiveCfg = Release|Any CPU
		{183BCC02-FE62-4C72-BB6D-05447F32CFC8}.AppStore|x86.Build.0 = Release|Any CPU
		{183BCC02-FE62-4C72-BB6D-05447F32CFC8}.Debug|Any CPU.ActiveCfg = Debug|Any CPU
		{183BCC02-FE62-4C72-BB6D-05447F32CFC8}.Debug|Any CPU.Build.0 = Debug|Any CPU
		{183BCC02-FE62-4C72-BB6D-05447F32CFC8}.Debug|ARM.ActiveCfg = Debug|Any CPU
		{183BCC02-FE62-4C72-BB6D-05447F32CFC8}.Debug|ARM.Build.0 = Debug|Any CPU
		{183BCC02-FE62-4C72-BB6D-05447F32CFC8}.Debug|iPhone.ActiveCfg = Debug|Any CPU
		{183BCC02-FE62-4C72-BB6D-05447F32CFC8}.Debug|iPhone.Build.0 = Debug|Any CPU
		{183BCC02-FE62-4C72-BB6D-05447F32CFC8}.Debug|iPhoneSimulator.ActiveCfg = Debug|Any CPU
		{183BCC02-FE62-4C72-BB6D-05447F32CFC8}.Debug|iPhoneSimulator.Build.0 = Debug|Any CPU
		{183BCC02-FE62-4C72-BB6D-05447F32CFC8}.Debug|x64.ActiveCfg = Debug|Any CPU
		{183BCC02-FE62-4C72-BB6D-05447F32CFC8}.Debug|x64.Build.0 = Debug|Any CPU
		{183BCC02-FE62-4C72-BB6D-05447F32CFC8}.Debug|x86.ActiveCfg = Debug|Any CPU
		{183BCC02-FE62-4C72-BB6D-05447F32CFC8}.Debug|x86.Build.0 = Debug|Any CPU
		{183BCC02-FE62-4C72-BB6D-05447F32CFC8}.Release|Any CPU.ActiveCfg = Release|Any CPU
		{183BCC02-FE62-4C72-BB6D-05447F32CFC8}.Release|Any CPU.Build.0 = Release|Any CPU
		{183BCC02-FE62-4C72-BB6D-05447F32CFC8}.Release|ARM.ActiveCfg = Release|Any CPU
		{183BCC02-FE62-4C72-BB6D-05447F32CFC8}.Release|ARM.Build.0 = Release|Any CPU
		{183BCC02-FE62-4C72-BB6D-05447F32CFC8}.Release|iPhone.ActiveCfg = Release|Any CPU
		{183BCC02-FE62-4C72-BB6D-05447F32CFC8}.Release|iPhone.Build.0 = Release|Any CPU
		{183BCC02-FE62-4C72-BB6D-05447F32CFC8}.Release|iPhoneSimulator.ActiveCfg = Release|Any CPU
		{183BCC02-FE62-4C72-BB6D-05447F32CFC8}.Release|iPhoneSimulator.Build.0 = Release|Any CPU
		{183BCC02-FE62-4C72-BB6D-05447F32CFC8}.Release|x64.ActiveCfg = Release|Any CPU
		{183BCC02-FE62-4C72-BB6D-05447F32CFC8}.Release|x64.Build.0 = Release|Any CPU
		{183BCC02-FE62-4C72-BB6D-05447F32CFC8}.Release|x86.ActiveCfg = Release|Any CPU
		{183BCC02-FE62-4C72-BB6D-05447F32CFC8}.Release|x86.Build.0 = Release|Any CPU
		{D6B6D2C6-8196-4E85-84FE-0EE8AB838F46}.Ad-Hoc|Any CPU.ActiveCfg = Release|Any CPU
		{D6B6D2C6-8196-4E85-84FE-0EE8AB838F46}.Ad-Hoc|Any CPU.Build.0 = Release|Any CPU
		{D6B6D2C6-8196-4E85-84FE-0EE8AB838F46}.Ad-Hoc|ARM.ActiveCfg = Release|Any CPU
		{D6B6D2C6-8196-4E85-84FE-0EE8AB838F46}.Ad-Hoc|ARM.Build.0 = Release|Any CPU
		{D6B6D2C6-8196-4E85-84FE-0EE8AB838F46}.Ad-Hoc|iPhone.ActiveCfg = Release|Any CPU
		{D6B6D2C6-8196-4E85-84FE-0EE8AB838F46}.Ad-Hoc|iPhone.Build.0 = Release|Any CPU
		{D6B6D2C6-8196-4E85-84FE-0EE8AB838F46}.Ad-Hoc|iPhoneSimulator.ActiveCfg = Release|Any CPU
		{D6B6D2C6-8196-4E85-84FE-0EE8AB838F46}.Ad-Hoc|iPhoneSimulator.Build.0 = Release|Any CPU
		{D6B6D2C6-8196-4E85-84FE-0EE8AB838F46}.Ad-Hoc|x64.ActiveCfg = Release|Any CPU
		{D6B6D2C6-8196-4E85-84FE-0EE8AB838F46}.Ad-Hoc|x64.Build.0 = Release|Any CPU
		{D6B6D2C6-8196-4E85-84FE-0EE8AB838F46}.Ad-Hoc|x86.ActiveCfg = Release|Any CPU
		{D6B6D2C6-8196-4E85-84FE-0EE8AB838F46}.Ad-Hoc|x86.Build.0 = Release|Any CPU
		{D6B6D2C6-8196-4E85-84FE-0EE8AB838F46}.AppStore|Any CPU.ActiveCfg = Release|Any CPU
		{D6B6D2C6-8196-4E85-84FE-0EE8AB838F46}.AppStore|Any CPU.Build.0 = Release|Any CPU
		{D6B6D2C6-8196-4E85-84FE-0EE8AB838F46}.AppStore|ARM.ActiveCfg = Release|Any CPU
		{D6B6D2C6-8196-4E85-84FE-0EE8AB838F46}.AppStore|ARM.Build.0 = Release|Any CPU
		{D6B6D2C6-8196-4E85-84FE-0EE8AB838F46}.AppStore|iPhone.ActiveCfg = Release|Any CPU
		{D6B6D2C6-8196-4E85-84FE-0EE8AB838F46}.AppStore|iPhone.Build.0 = Release|Any CPU
		{D6B6D2C6-8196-4E85-84FE-0EE8AB838F46}.AppStore|iPhoneSimulator.ActiveCfg = Release|Any CPU
		{D6B6D2C6-8196-4E85-84FE-0EE8AB838F46}.AppStore|iPhoneSimulator.Build.0 = Release|Any CPU
		{D6B6D2C6-8196-4E85-84FE-0EE8AB838F46}.AppStore|x64.ActiveCfg = Release|Any CPU
		{D6B6D2C6-8196-4E85-84FE-0EE8AB838F46}.AppStore|x64.Build.0 = Release|Any CPU
		{D6B6D2C6-8196-4E85-84FE-0EE8AB838F46}.AppStore|x86.ActiveCfg = Release|Any CPU
		{D6B6D2C6-8196-4E85-84FE-0EE8AB838F46}.AppStore|x86.Build.0 = Release|Any CPU
		{D6B6D2C6-8196-4E85-84FE-0EE8AB838F46}.Debug|Any CPU.ActiveCfg = Debug|Any CPU
		{D6B6D2C6-8196-4E85-84FE-0EE8AB838F46}.Debug|Any CPU.Build.0 = Debug|Any CPU
		{D6B6D2C6-8196-4E85-84FE-0EE8AB838F46}.Debug|ARM.ActiveCfg = Debug|Any CPU
		{D6B6D2C6-8196-4E85-84FE-0EE8AB838F46}.Debug|ARM.Build.0 = Debug|Any CPU
		{D6B6D2C6-8196-4E85-84FE-0EE8AB838F46}.Debug|iPhone.ActiveCfg = Debug|Any CPU
		{D6B6D2C6-8196-4E85-84FE-0EE8AB838F46}.Debug|iPhone.Build.0 = Debug|Any CPU
		{D6B6D2C6-8196-4E85-84FE-0EE8AB838F46}.Debug|iPhoneSimulator.ActiveCfg = Debug|Any CPU
		{D6B6D2C6-8196-4E85-84FE-0EE8AB838F46}.Debug|iPhoneSimulator.Build.0 = Debug|Any CPU
		{D6B6D2C6-8196-4E85-84FE-0EE8AB838F46}.Debug|x64.ActiveCfg = Debug|Any CPU
		{D6B6D2C6-8196-4E85-84FE-0EE8AB838F46}.Debug|x64.Build.0 = Debug|Any CPU
		{D6B6D2C6-8196-4E85-84FE-0EE8AB838F46}.Debug|x86.ActiveCfg = Debug|Any CPU
		{D6B6D2C6-8196-4E85-84FE-0EE8AB838F46}.Debug|x86.Build.0 = Debug|Any CPU
		{D6B6D2C6-8196-4E85-84FE-0EE8AB838F46}.Release|Any CPU.ActiveCfg = Release|Any CPU
		{D6B6D2C6-8196-4E85-84FE-0EE8AB838F46}.Release|Any CPU.Build.0 = Release|Any CPU
		{D6B6D2C6-8196-4E85-84FE-0EE8AB838F46}.Release|ARM.ActiveCfg = Release|Any CPU
		{D6B6D2C6-8196-4E85-84FE-0EE8AB838F46}.Release|ARM.Build.0 = Release|Any CPU
		{D6B6D2C6-8196-4E85-84FE-0EE8AB838F46}.Release|iPhone.ActiveCfg = Release|Any CPU
		{D6B6D2C6-8196-4E85-84FE-0EE8AB838F46}.Release|iPhone.Build.0 = Release|Any CPU
		{D6B6D2C6-8196-4E85-84FE-0EE8AB838F46}.Release|iPhoneSimulator.ActiveCfg = Release|Any CPU
		{D6B6D2C6-8196-4E85-84FE-0EE8AB838F46}.Release|iPhoneSimulator.Build.0 = Release|Any CPU
		{D6B6D2C6-8196-4E85-84FE-0EE8AB838F46}.Release|x64.ActiveCfg = Release|Any CPU
		{D6B6D2C6-8196-4E85-84FE-0EE8AB838F46}.Release|x64.Build.0 = Release|Any CPU
		{D6B6D2C6-8196-4E85-84FE-0EE8AB838F46}.Release|x86.ActiveCfg = Release|Any CPU
		{D6B6D2C6-8196-4E85-84FE-0EE8AB838F46}.Release|x86.Build.0 = Release|Any CPU
		{7EAE1A4F-A1E6-40AB-8CBA-8BA42E6E6FF8}.Ad-Hoc|Any CPU.ActiveCfg = Release|Any CPU
		{7EAE1A4F-A1E6-40AB-8CBA-8BA42E6E6FF8}.Ad-Hoc|Any CPU.Build.0 = Release|Any CPU
		{7EAE1A4F-A1E6-40AB-8CBA-8BA42E6E6FF8}.Ad-Hoc|ARM.ActiveCfg = Release|Any CPU
		{7EAE1A4F-A1E6-40AB-8CBA-8BA42E6E6FF8}.Ad-Hoc|ARM.Build.0 = Release|Any CPU
		{7EAE1A4F-A1E6-40AB-8CBA-8BA42E6E6FF8}.Ad-Hoc|iPhone.ActiveCfg = Release|Any CPU
		{7EAE1A4F-A1E6-40AB-8CBA-8BA42E6E6FF8}.Ad-Hoc|iPhone.Build.0 = Release|Any CPU
		{7EAE1A4F-A1E6-40AB-8CBA-8BA42E6E6FF8}.Ad-Hoc|iPhoneSimulator.ActiveCfg = Release|Any CPU
		{7EAE1A4F-A1E6-40AB-8CBA-8BA42E6E6FF8}.Ad-Hoc|iPhoneSimulator.Build.0 = Release|Any CPU
		{7EAE1A4F-A1E6-40AB-8CBA-8BA42E6E6FF8}.Ad-Hoc|x64.ActiveCfg = Release|Any CPU
		{7EAE1A4F-A1E6-40AB-8CBA-8BA42E6E6FF8}.Ad-Hoc|x64.Build.0 = Release|Any CPU
		{7EAE1A4F-A1E6-40AB-8CBA-8BA42E6E6FF8}.Ad-Hoc|x86.ActiveCfg = Release|Any CPU
		{7EAE1A4F-A1E6-40AB-8CBA-8BA42E6E6FF8}.Ad-Hoc|x86.Build.0 = Release|Any CPU
		{7EAE1A4F-A1E6-40AB-8CBA-8BA42E6E6FF8}.AppStore|Any CPU.ActiveCfg = Release|Any CPU
		{7EAE1A4F-A1E6-40AB-8CBA-8BA42E6E6FF8}.AppStore|Any CPU.Build.0 = Release|Any CPU
		{7EAE1A4F-A1E6-40AB-8CBA-8BA42E6E6FF8}.AppStore|ARM.ActiveCfg = Release|Any CPU
		{7EAE1A4F-A1E6-40AB-8CBA-8BA42E6E6FF8}.AppStore|ARM.Build.0 = Release|Any CPU
		{7EAE1A4F-A1E6-40AB-8CBA-8BA42E6E6FF8}.AppStore|iPhone.ActiveCfg = Release|Any CPU
		{7EAE1A4F-A1E6-40AB-8CBA-8BA42E6E6FF8}.AppStore|iPhone.Build.0 = Release|Any CPU
		{7EAE1A4F-A1E6-40AB-8CBA-8BA42E6E6FF8}.AppStore|iPhoneSimulator.ActiveCfg = Release|Any CPU
		{7EAE1A4F-A1E6-40AB-8CBA-8BA42E6E6FF8}.AppStore|iPhoneSimulator.Build.0 = Release|Any CPU
		{7EAE1A4F-A1E6-40AB-8CBA-8BA42E6E6FF8}.AppStore|x64.ActiveCfg = Release|Any CPU
		{7EAE1A4F-A1E6-40AB-8CBA-8BA42E6E6FF8}.AppStore|x64.Build.0 = Release|Any CPU
		{7EAE1A4F-A1E6-40AB-8CBA-8BA42E6E6FF8}.AppStore|x86.ActiveCfg = Release|Any CPU
		{7EAE1A4F-A1E6-40AB-8CBA-8BA42E6E6FF8}.AppStore|x86.Build.0 = Release|Any CPU
		{7EAE1A4F-A1E6-40AB-8CBA-8BA42E6E6FF8}.Debug|Any CPU.ActiveCfg = Debug|Any CPU
		{7EAE1A4F-A1E6-40AB-8CBA-8BA42E6E6FF8}.Debug|Any CPU.Build.0 = Debug|Any CPU
		{7EAE1A4F-A1E6-40AB-8CBA-8BA42E6E6FF8}.Debug|ARM.ActiveCfg = Debug|Any CPU
		{7EAE1A4F-A1E6-40AB-8CBA-8BA42E6E6FF8}.Debug|ARM.Build.0 = Debug|Any CPU
		{7EAE1A4F-A1E6-40AB-8CBA-8BA42E6E6FF8}.Debug|iPhone.ActiveCfg = Debug|Any CPU
		{7EAE1A4F-A1E6-40AB-8CBA-8BA42E6E6FF8}.Debug|iPhone.Build.0 = Debug|Any CPU
		{7EAE1A4F-A1E6-40AB-8CBA-8BA42E6E6FF8}.Debug|iPhoneSimulator.ActiveCfg = Debug|Any CPU
		{7EAE1A4F-A1E6-40AB-8CBA-8BA42E6E6FF8}.Debug|iPhoneSimulator.Build.0 = Debug|Any CPU
		{7EAE1A4F-A1E6-40AB-8CBA-8BA42E6E6FF8}.Debug|x64.ActiveCfg = Debug|Any CPU
		{7EAE1A4F-A1E6-40AB-8CBA-8BA42E6E6FF8}.Debug|x64.Build.0 = Debug|Any CPU
		{7EAE1A4F-A1E6-40AB-8CBA-8BA42E6E6FF8}.Debug|x86.ActiveCfg = Debug|Any CPU
		{7EAE1A4F-A1E6-40AB-8CBA-8BA42E6E6FF8}.Debug|x86.Build.0 = Debug|Any CPU
		{7EAE1A4F-A1E6-40AB-8CBA-8BA42E6E6FF8}.Release|Any CPU.ActiveCfg = Release|Any CPU
		{7EAE1A4F-A1E6-40AB-8CBA-8BA42E6E6FF8}.Release|Any CPU.Build.0 = Release|Any CPU
		{7EAE1A4F-A1E6-40AB-8CBA-8BA42E6E6FF8}.Release|ARM.ActiveCfg = Release|Any CPU
		{7EAE1A4F-A1E6-40AB-8CBA-8BA42E6E6FF8}.Release|ARM.Build.0 = Release|Any CPU
		{7EAE1A4F-A1E6-40AB-8CBA-8BA42E6E6FF8}.Release|iPhone.ActiveCfg = Release|Any CPU
		{7EAE1A4F-A1E6-40AB-8CBA-8BA42E6E6FF8}.Release|iPhone.Build.0 = Release|Any CPU
		{7EAE1A4F-A1E6-40AB-8CBA-8BA42E6E6FF8}.Release|iPhoneSimulator.ActiveCfg = Release|Any CPU
		{7EAE1A4F-A1E6-40AB-8CBA-8BA42E6E6FF8}.Release|iPhoneSimulator.Build.0 = Release|Any CPU
		{7EAE1A4F-A1E6-40AB-8CBA-8BA42E6E6FF8}.Release|x64.ActiveCfg = Release|Any CPU
		{7EAE1A4F-A1E6-40AB-8CBA-8BA42E6E6FF8}.Release|x64.Build.0 = Release|Any CPU
		{7EAE1A4F-A1E6-40AB-8CBA-8BA42E6E6FF8}.Release|x86.ActiveCfg = Release|Any CPU
		{7EAE1A4F-A1E6-40AB-8CBA-8BA42E6E6FF8}.Release|x86.Build.0 = Release|Any CPU
		{5432FEA9-DB0A-4C9B-BC98-68B23BE9592D}.Ad-Hoc|Any CPU.ActiveCfg = Release|Any CPU
		{5432FEA9-DB0A-4C9B-BC98-68B23BE9592D}.Ad-Hoc|Any CPU.Build.0 = Release|Any CPU
		{5432FEA9-DB0A-4C9B-BC98-68B23BE9592D}.Ad-Hoc|ARM.ActiveCfg = Release|Any CPU
		{5432FEA9-DB0A-4C9B-BC98-68B23BE9592D}.Ad-Hoc|ARM.Build.0 = Release|Any CPU
		{5432FEA9-DB0A-4C9B-BC98-68B23BE9592D}.Ad-Hoc|iPhone.ActiveCfg = Release|Any CPU
		{5432FEA9-DB0A-4C9B-BC98-68B23BE9592D}.Ad-Hoc|iPhone.Build.0 = Release|Any CPU
		{5432FEA9-DB0A-4C9B-BC98-68B23BE9592D}.Ad-Hoc|iPhoneSimulator.ActiveCfg = Release|Any CPU
		{5432FEA9-DB0A-4C9B-BC98-68B23BE9592D}.Ad-Hoc|iPhoneSimulator.Build.0 = Release|Any CPU
		{5432FEA9-DB0A-4C9B-BC98-68B23BE9592D}.Ad-Hoc|x64.ActiveCfg = Release|Any CPU
		{5432FEA9-DB0A-4C9B-BC98-68B23BE9592D}.Ad-Hoc|x64.Build.0 = Release|Any CPU
		{5432FEA9-DB0A-4C9B-BC98-68B23BE9592D}.Ad-Hoc|x86.ActiveCfg = Release|Any CPU
		{5432FEA9-DB0A-4C9B-BC98-68B23BE9592D}.Ad-Hoc|x86.Build.0 = Release|Any CPU
		{5432FEA9-DB0A-4C9B-BC98-68B23BE9592D}.AppStore|Any CPU.ActiveCfg = Release|Any CPU
		{5432FEA9-DB0A-4C9B-BC98-68B23BE9592D}.AppStore|Any CPU.Build.0 = Release|Any CPU
		{5432FEA9-DB0A-4C9B-BC98-68B23BE9592D}.AppStore|ARM.ActiveCfg = Release|Any CPU
		{5432FEA9-DB0A-4C9B-BC98-68B23BE9592D}.AppStore|ARM.Build.0 = Release|Any CPU
		{5432FEA9-DB0A-4C9B-BC98-68B23BE9592D}.AppStore|iPhone.ActiveCfg = Release|Any CPU
		{5432FEA9-DB0A-4C9B-BC98-68B23BE9592D}.AppStore|iPhone.Build.0 = Release|Any CPU
		{5432FEA9-DB0A-4C9B-BC98-68B23BE9592D}.AppStore|iPhoneSimulator.ActiveCfg = Release|Any CPU
		{5432FEA9-DB0A-4C9B-BC98-68B23BE9592D}.AppStore|iPhoneSimulator.Build.0 = Release|Any CPU
		{5432FEA9-DB0A-4C9B-BC98-68B23BE9592D}.AppStore|x64.ActiveCfg = Release|Any CPU
		{5432FEA9-DB0A-4C9B-BC98-68B23BE9592D}.AppStore|x64.Build.0 = Release|Any CPU
		{5432FEA9-DB0A-4C9B-BC98-68B23BE9592D}.AppStore|x86.ActiveCfg = Release|Any CPU
		{5432FEA9-DB0A-4C9B-BC98-68B23BE9592D}.AppStore|x86.Build.0 = Release|Any CPU
		{5432FEA9-DB0A-4C9B-BC98-68B23BE9592D}.Debug|Any CPU.ActiveCfg = Debug|Any CPU
		{5432FEA9-DB0A-4C9B-BC98-68B23BE9592D}.Debug|Any CPU.Build.0 = Debug|Any CPU
		{5432FEA9-DB0A-4C9B-BC98-68B23BE9592D}.Debug|ARM.ActiveCfg = Debug|Any CPU
		{5432FEA9-DB0A-4C9B-BC98-68B23BE9592D}.Debug|ARM.Build.0 = Debug|Any CPU
		{5432FEA9-DB0A-4C9B-BC98-68B23BE9592D}.Debug|iPhone.ActiveCfg = Debug|Any CPU
		{5432FEA9-DB0A-4C9B-BC98-68B23BE9592D}.Debug|iPhone.Build.0 = Debug|Any CPU
		{5432FEA9-DB0A-4C9B-BC98-68B23BE9592D}.Debug|iPhoneSimulator.ActiveCfg = Debug|Any CPU
		{5432FEA9-DB0A-4C9B-BC98-68B23BE9592D}.Debug|iPhoneSimulator.Build.0 = Debug|Any CPU
		{5432FEA9-DB0A-4C9B-BC98-68B23BE9592D}.Debug|x64.ActiveCfg = Debug|Any CPU
		{5432FEA9-DB0A-4C9B-BC98-68B23BE9592D}.Debug|x64.Build.0 = Debug|Any CPU
		{5432FEA9-DB0A-4C9B-BC98-68B23BE9592D}.Debug|x86.ActiveCfg = Debug|Any CPU
		{5432FEA9-DB0A-4C9B-BC98-68B23BE9592D}.Debug|x86.Build.0 = Debug|Any CPU
		{5432FEA9-DB0A-4C9B-BC98-68B23BE9592D}.Release|Any CPU.ActiveCfg = Release|Any CPU
		{5432FEA9-DB0A-4C9B-BC98-68B23BE9592D}.Release|Any CPU.Build.0 = Release|Any CPU
		{5432FEA9-DB0A-4C9B-BC98-68B23BE9592D}.Release|ARM.ActiveCfg = Release|Any CPU
		{5432FEA9-DB0A-4C9B-BC98-68B23BE9592D}.Release|ARM.Build.0 = Release|Any CPU
		{5432FEA9-DB0A-4C9B-BC98-68B23BE9592D}.Release|iPhone.ActiveCfg = Release|Any CPU
		{5432FEA9-DB0A-4C9B-BC98-68B23BE9592D}.Release|iPhone.Build.0 = Release|Any CPU
		{5432FEA9-DB0A-4C9B-BC98-68B23BE9592D}.Release|iPhoneSimulator.ActiveCfg = Release|Any CPU
		{5432FEA9-DB0A-4C9B-BC98-68B23BE9592D}.Release|iPhoneSimulator.Build.0 = Release|Any CPU
		{5432FEA9-DB0A-4C9B-BC98-68B23BE9592D}.Release|x64.ActiveCfg = Release|Any CPU
		{5432FEA9-DB0A-4C9B-BC98-68B23BE9592D}.Release|x64.Build.0 = Release|Any CPU
		{5432FEA9-DB0A-4C9B-BC98-68B23BE9592D}.Release|x86.ActiveCfg = Release|Any CPU
		{5432FEA9-DB0A-4C9B-BC98-68B23BE9592D}.Release|x86.Build.0 = Release|Any CPU
		{C6E2268B-D14A-466C-B1DD-218F46270F86}.Ad-Hoc|Any CPU.ActiveCfg = Release|Any CPU
		{C6E2268B-D14A-466C-B1DD-218F46270F86}.Ad-Hoc|Any CPU.Build.0 = Release|Any CPU
		{C6E2268B-D14A-466C-B1DD-218F46270F86}.Ad-Hoc|ARM.ActiveCfg = Release|Any CPU
		{C6E2268B-D14A-466C-B1DD-218F46270F86}.Ad-Hoc|ARM.Build.0 = Release|Any CPU
		{C6E2268B-D14A-466C-B1DD-218F46270F86}.Ad-Hoc|iPhone.ActiveCfg = Release|Any CPU
		{C6E2268B-D14A-466C-B1DD-218F46270F86}.Ad-Hoc|iPhone.Build.0 = Release|Any CPU
		{C6E2268B-D14A-466C-B1DD-218F46270F86}.Ad-Hoc|iPhoneSimulator.ActiveCfg = Release|Any CPU
		{C6E2268B-D14A-466C-B1DD-218F46270F86}.Ad-Hoc|iPhoneSimulator.Build.0 = Release|Any CPU
		{C6E2268B-D14A-466C-B1DD-218F46270F86}.Ad-Hoc|x64.ActiveCfg = Release|Any CPU
		{C6E2268B-D14A-466C-B1DD-218F46270F86}.Ad-Hoc|x64.Build.0 = Release|Any CPU
		{C6E2268B-D14A-466C-B1DD-218F46270F86}.Ad-Hoc|x86.ActiveCfg = Release|Any CPU
		{C6E2268B-D14A-466C-B1DD-218F46270F86}.Ad-Hoc|x86.Build.0 = Release|Any CPU
		{C6E2268B-D14A-466C-B1DD-218F46270F86}.AppStore|Any CPU.ActiveCfg = Release|Any CPU
		{C6E2268B-D14A-466C-B1DD-218F46270F86}.AppStore|Any CPU.Build.0 = Release|Any CPU
		{C6E2268B-D14A-466C-B1DD-218F46270F86}.AppStore|ARM.ActiveCfg = Release|Any CPU
		{C6E2268B-D14A-466C-B1DD-218F46270F86}.AppStore|ARM.Build.0 = Release|Any CPU
		{C6E2268B-D14A-466C-B1DD-218F46270F86}.AppStore|iPhone.ActiveCfg = Release|Any CPU
		{C6E2268B-D14A-466C-B1DD-218F46270F86}.AppStore|iPhone.Build.0 = Release|Any CPU
		{C6E2268B-D14A-466C-B1DD-218F46270F86}.AppStore|iPhoneSimulator.ActiveCfg = Release|Any CPU
		{C6E2268B-D14A-466C-B1DD-218F46270F86}.AppStore|iPhoneSimulator.Build.0 = Release|Any CPU
		{C6E2268B-D14A-466C-B1DD-218F46270F86}.AppStore|x64.ActiveCfg = Release|Any CPU
		{C6E2268B-D14A-466C-B1DD-218F46270F86}.AppStore|x64.Build.0 = Release|Any CPU
		{C6E2268B-D14A-466C-B1DD-218F46270F86}.AppStore|x86.ActiveCfg = Release|Any CPU
		{C6E2268B-D14A-466C-B1DD-218F46270F86}.AppStore|x86.Build.0 = Release|Any CPU
		{C6E2268B-D14A-466C-B1DD-218F46270F86}.Debug|Any CPU.ActiveCfg = Debug|Any CPU
		{C6E2268B-D14A-466C-B1DD-218F46270F86}.Debug|Any CPU.Build.0 = Debug|Any CPU
		{C6E2268B-D14A-466C-B1DD-218F46270F86}.Debug|ARM.ActiveCfg = Debug|Any CPU
		{C6E2268B-D14A-466C-B1DD-218F46270F86}.Debug|ARM.Build.0 = Debug|Any CPU
		{C6E2268B-D14A-466C-B1DD-218F46270F86}.Debug|iPhone.ActiveCfg = Debug|Any CPU
		{C6E2268B-D14A-466C-B1DD-218F46270F86}.Debug|iPhone.Build.0 = Debug|Any CPU
		{C6E2268B-D14A-466C-B1DD-218F46270F86}.Debug|iPhoneSimulator.ActiveCfg = Debug|Any CPU
		{C6E2268B-D14A-466C-B1DD-218F46270F86}.Debug|iPhoneSimulator.Build.0 = Debug|Any CPU
		{C6E2268B-D14A-466C-B1DD-218F46270F86}.Debug|x64.ActiveCfg = Debug|Any CPU
		{C6E2268B-D14A-466C-B1DD-218F46270F86}.Debug|x64.Build.0 = Debug|Any CPU
		{C6E2268B-D14A-466C-B1DD-218F46270F86}.Debug|x86.ActiveCfg = Debug|Any CPU
		{C6E2268B-D14A-466C-B1DD-218F46270F86}.Debug|x86.Build.0 = Debug|Any CPU
		{C6E2268B-D14A-466C-B1DD-218F46270F86}.Release|Any CPU.ActiveCfg = Release|Any CPU
		{C6E2268B-D14A-466C-B1DD-218F46270F86}.Release|Any CPU.Build.0 = Release|Any CPU
		{C6E2268B-D14A-466C-B1DD-218F46270F86}.Release|ARM.ActiveCfg = Release|Any CPU
		{C6E2268B-D14A-466C-B1DD-218F46270F86}.Release|ARM.Build.0 = Release|Any CPU
		{C6E2268B-D14A-466C-B1DD-218F46270F86}.Release|iPhone.ActiveCfg = Release|Any CPU
		{C6E2268B-D14A-466C-B1DD-218F46270F86}.Release|iPhone.Build.0 = Release|Any CPU
		{C6E2268B-D14A-466C-B1DD-218F46270F86}.Release|iPhoneSimulator.ActiveCfg = Release|Any CPU
		{C6E2268B-D14A-466C-B1DD-218F46270F86}.Release|iPhoneSimulator.Build.0 = Release|Any CPU
		{C6E2268B-D14A-466C-B1DD-218F46270F86}.Release|x64.ActiveCfg = Release|Any CPU
		{C6E2268B-D14A-466C-B1DD-218F46270F86}.Release|x64.Build.0 = Release|Any CPU
		{C6E2268B-D14A-466C-B1DD-218F46270F86}.Release|x86.ActiveCfg = Release|Any CPU
		{C6E2268B-D14A-466C-B1DD-218F46270F86}.Release|x86.Build.0 = Release|Any CPU
		{41147F75-88DC-49D0-9615-596185C4877D}.Ad-Hoc|Any CPU.ActiveCfg = Release|Any CPU
		{41147F75-88DC-49D0-9615-596185C4877D}.Ad-Hoc|Any CPU.Build.0 = Release|Any CPU
		{41147F75-88DC-49D0-9615-596185C4877D}.Ad-Hoc|ARM.ActiveCfg = Release|Any CPU
		{41147F75-88DC-49D0-9615-596185C4877D}.Ad-Hoc|ARM.Build.0 = Release|Any CPU
		{41147F75-88DC-49D0-9615-596185C4877D}.Ad-Hoc|iPhone.ActiveCfg = Release|Any CPU
		{41147F75-88DC-49D0-9615-596185C4877D}.Ad-Hoc|iPhone.Build.0 = Release|Any CPU
		{41147F75-88DC-49D0-9615-596185C4877D}.Ad-Hoc|iPhoneSimulator.ActiveCfg = Release|Any CPU
		{41147F75-88DC-49D0-9615-596185C4877D}.Ad-Hoc|iPhoneSimulator.Build.0 = Release|Any CPU
		{41147F75-88DC-49D0-9615-596185C4877D}.Ad-Hoc|x64.ActiveCfg = Release|Any CPU
		{41147F75-88DC-49D0-9615-596185C4877D}.Ad-Hoc|x64.Build.0 = Release|Any CPU
		{41147F75-88DC-49D0-9615-596185C4877D}.Ad-Hoc|x86.ActiveCfg = Release|Any CPU
		{41147F75-88DC-49D0-9615-596185C4877D}.Ad-Hoc|x86.Build.0 = Release|Any CPU
		{41147F75-88DC-49D0-9615-596185C4877D}.AppStore|Any CPU.ActiveCfg = Release|Any CPU
		{41147F75-88DC-49D0-9615-596185C4877D}.AppStore|Any CPU.Build.0 = Release|Any CPU
		{41147F75-88DC-49D0-9615-596185C4877D}.AppStore|ARM.ActiveCfg = Release|Any CPU
		{41147F75-88DC-49D0-9615-596185C4877D}.AppStore|ARM.Build.0 = Release|Any CPU
		{41147F75-88DC-49D0-9615-596185C4877D}.AppStore|iPhone.ActiveCfg = Release|Any CPU
		{41147F75-88DC-49D0-9615-596185C4877D}.AppStore|iPhone.Build.0 = Release|Any CPU
		{41147F75-88DC-49D0-9615-596185C4877D}.AppStore|iPhoneSimulator.ActiveCfg = Release|Any CPU
		{41147F75-88DC-49D0-9615-596185C4877D}.AppStore|iPhoneSimulator.Build.0 = Release|Any CPU
		{41147F75-88DC-49D0-9615-596185C4877D}.AppStore|x64.ActiveCfg = Release|Any CPU
		{41147F75-88DC-49D0-9615-596185C4877D}.AppStore|x64.Build.0 = Release|Any CPU
		{41147F75-88DC-49D0-9615-596185C4877D}.AppStore|x86.ActiveCfg = Release|Any CPU
		{41147F75-88DC-49D0-9615-596185C4877D}.AppStore|x86.Build.0 = Release|Any CPU
		{41147F75-88DC-49D0-9615-596185C4877D}.Debug|Any CPU.ActiveCfg = Debug|Any CPU
		{41147F75-88DC-49D0-9615-596185C4877D}.Debug|Any CPU.Build.0 = Debug|Any CPU
		{41147F75-88DC-49D0-9615-596185C4877D}.Debug|ARM.ActiveCfg = Debug|Any CPU
		{41147F75-88DC-49D0-9615-596185C4877D}.Debug|ARM.Build.0 = Debug|Any CPU
		{41147F75-88DC-49D0-9615-596185C4877D}.Debug|iPhone.ActiveCfg = Debug|Any CPU
		{41147F75-88DC-49D0-9615-596185C4877D}.Debug|iPhone.Build.0 = Debug|Any CPU
		{41147F75-88DC-49D0-9615-596185C4877D}.Debug|iPhoneSimulator.ActiveCfg = Debug|Any CPU
		{41147F75-88DC-49D0-9615-596185C4877D}.Debug|iPhoneSimulator.Build.0 = Debug|Any CPU
		{41147F75-88DC-49D0-9615-596185C4877D}.Debug|x64.ActiveCfg = Debug|Any CPU
		{41147F75-88DC-49D0-9615-596185C4877D}.Debug|x64.Build.0 = Debug|Any CPU
		{41147F75-88DC-49D0-9615-596185C4877D}.Debug|x86.ActiveCfg = Debug|Any CPU
		{41147F75-88DC-49D0-9615-596185C4877D}.Debug|x86.Build.0 = Debug|Any CPU
		{41147F75-88DC-49D0-9615-596185C4877D}.Release|Any CPU.ActiveCfg = Release|Any CPU
		{41147F75-88DC-49D0-9615-596185C4877D}.Release|Any CPU.Build.0 = Release|Any CPU
		{41147F75-88DC-49D0-9615-596185C4877D}.Release|ARM.ActiveCfg = Release|Any CPU
		{41147F75-88DC-49D0-9615-596185C4877D}.Release|ARM.Build.0 = Release|Any CPU
		{41147F75-88DC-49D0-9615-596185C4877D}.Release|iPhone.ActiveCfg = Release|Any CPU
		{41147F75-88DC-49D0-9615-596185C4877D}.Release|iPhone.Build.0 = Release|Any CPU
		{41147F75-88DC-49D0-9615-596185C4877D}.Release|iPhoneSimulator.ActiveCfg = Release|Any CPU
		{41147F75-88DC-49D0-9615-596185C4877D}.Release|iPhoneSimulator.Build.0 = Release|Any CPU
		{41147F75-88DC-49D0-9615-596185C4877D}.Release|x64.ActiveCfg = Release|Any CPU
		{41147F75-88DC-49D0-9615-596185C4877D}.Release|x64.Build.0 = Release|Any CPU
		{41147F75-88DC-49D0-9615-596185C4877D}.Release|x86.ActiveCfg = Release|Any CPU
		{41147F75-88DC-49D0-9615-596185C4877D}.Release|x86.Build.0 = Release|Any CPU
		{78E70398-359C-4E2F-BDE7-02CC2D658134}.Ad-Hoc|Any CPU.ActiveCfg = Release|Any CPU
		{78E70398-359C-4E2F-BDE7-02CC2D658134}.Ad-Hoc|Any CPU.Build.0 = Release|Any CPU
		{78E70398-359C-4E2F-BDE7-02CC2D658134}.Ad-Hoc|ARM.ActiveCfg = Release|Any CPU
		{78E70398-359C-4E2F-BDE7-02CC2D658134}.Ad-Hoc|ARM.Build.0 = Release|Any CPU
		{78E70398-359C-4E2F-BDE7-02CC2D658134}.Ad-Hoc|iPhone.ActiveCfg = Release|Any CPU
		{78E70398-359C-4E2F-BDE7-02CC2D658134}.Ad-Hoc|iPhone.Build.0 = Release|Any CPU
		{78E70398-359C-4E2F-BDE7-02CC2D658134}.Ad-Hoc|iPhoneSimulator.ActiveCfg = Release|Any CPU
		{78E70398-359C-4E2F-BDE7-02CC2D658134}.Ad-Hoc|iPhoneSimulator.Build.0 = Release|Any CPU
		{78E70398-359C-4E2F-BDE7-02CC2D658134}.Ad-Hoc|x64.ActiveCfg = Release|Any CPU
		{78E70398-359C-4E2F-BDE7-02CC2D658134}.Ad-Hoc|x64.Build.0 = Release|Any CPU
		{78E70398-359C-4E2F-BDE7-02CC2D658134}.Ad-Hoc|x86.ActiveCfg = Release|Any CPU
		{78E70398-359C-4E2F-BDE7-02CC2D658134}.Ad-Hoc|x86.Build.0 = Release|Any CPU
		{78E70398-359C-4E2F-BDE7-02CC2D658134}.AppStore|Any CPU.ActiveCfg = Release|Any CPU
		{78E70398-359C-4E2F-BDE7-02CC2D658134}.AppStore|Any CPU.Build.0 = Release|Any CPU
		{78E70398-359C-4E2F-BDE7-02CC2D658134}.AppStore|ARM.ActiveCfg = Release|Any CPU
		{78E70398-359C-4E2F-BDE7-02CC2D658134}.AppStore|ARM.Build.0 = Release|Any CPU
		{78E70398-359C-4E2F-BDE7-02CC2D658134}.AppStore|iPhone.ActiveCfg = Release|Any CPU
		{78E70398-359C-4E2F-BDE7-02CC2D658134}.AppStore|iPhone.Build.0 = Release|Any CPU
		{78E70398-359C-4E2F-BDE7-02CC2D658134}.AppStore|iPhoneSimulator.ActiveCfg = Release|Any CPU
		{78E70398-359C-4E2F-BDE7-02CC2D658134}.AppStore|iPhoneSimulator.Build.0 = Release|Any CPU
		{78E70398-359C-4E2F-BDE7-02CC2D658134}.AppStore|x64.ActiveCfg = Release|Any CPU
		{78E70398-359C-4E2F-BDE7-02CC2D658134}.AppStore|x64.Build.0 = Release|Any CPU
		{78E70398-359C-4E2F-BDE7-02CC2D658134}.AppStore|x86.ActiveCfg = Release|Any CPU
		{78E70398-359C-4E2F-BDE7-02CC2D658134}.AppStore|x86.Build.0 = Release|Any CPU
		{78E70398-359C-4E2F-BDE7-02CC2D658134}.Debug|Any CPU.ActiveCfg = Debug|Any CPU
		{78E70398-359C-4E2F-BDE7-02CC2D658134}.Debug|Any CPU.Build.0 = Debug|Any CPU
		{78E70398-359C-4E2F-BDE7-02CC2D658134}.Debug|ARM.ActiveCfg = Debug|Any CPU
		{78E70398-359C-4E2F-BDE7-02CC2D658134}.Debug|ARM.Build.0 = Debug|Any CPU
		{78E70398-359C-4E2F-BDE7-02CC2D658134}.Debug|iPhone.ActiveCfg = Debug|Any CPU
		{78E70398-359C-4E2F-BDE7-02CC2D658134}.Debug|iPhone.Build.0 = Debug|Any CPU
		{78E70398-359C-4E2F-BDE7-02CC2D658134}.Debug|iPhoneSimulator.ActiveCfg = Debug|Any CPU
		{78E70398-359C-4E2F-BDE7-02CC2D658134}.Debug|iPhoneSimulator.Build.0 = Debug|Any CPU
		{78E70398-359C-4E2F-BDE7-02CC2D658134}.Debug|x64.ActiveCfg = Debug|Any CPU
		{78E70398-359C-4E2F-BDE7-02CC2D658134}.Debug|x64.Build.0 = Debug|Any CPU
		{78E70398-359C-4E2F-BDE7-02CC2D658134}.Debug|x86.ActiveCfg = Debug|Any CPU
		{78E70398-359C-4E2F-BDE7-02CC2D658134}.Debug|x86.Build.0 = Debug|Any CPU
		{78E70398-359C-4E2F-BDE7-02CC2D658134}.Release|Any CPU.ActiveCfg = Release|Any CPU
		{78E70398-359C-4E2F-BDE7-02CC2D658134}.Release|Any CPU.Build.0 = Release|Any CPU
		{78E70398-359C-4E2F-BDE7-02CC2D658134}.Release|ARM.ActiveCfg = Release|Any CPU
		{78E70398-359C-4E2F-BDE7-02CC2D658134}.Release|ARM.Build.0 = Release|Any CPU
		{78E70398-359C-4E2F-BDE7-02CC2D658134}.Release|iPhone.ActiveCfg = Release|Any CPU
		{78E70398-359C-4E2F-BDE7-02CC2D658134}.Release|iPhone.Build.0 = Release|Any CPU
		{78E70398-359C-4E2F-BDE7-02CC2D658134}.Release|iPhoneSimulator.ActiveCfg = Release|Any CPU
		{78E70398-359C-4E2F-BDE7-02CC2D658134}.Release|iPhoneSimulator.Build.0 = Release|Any CPU
		{78E70398-359C-4E2F-BDE7-02CC2D658134}.Release|x64.ActiveCfg = Release|Any CPU
		{78E70398-359C-4E2F-BDE7-02CC2D658134}.Release|x64.Build.0 = Release|Any CPU
		{78E70398-359C-4E2F-BDE7-02CC2D658134}.Release|x86.ActiveCfg = Release|Any CPU
		{78E70398-359C-4E2F-BDE7-02CC2D658134}.Release|x86.Build.0 = Release|Any CPU
		{AA7ADD82-7540-443F-A13E-AFFD9FB1292B}.Ad-Hoc|Any CPU.ActiveCfg = Release|Any CPU
		{AA7ADD82-7540-443F-A13E-AFFD9FB1292B}.Ad-Hoc|Any CPU.Build.0 = Release|Any CPU
		{AA7ADD82-7540-443F-A13E-AFFD9FB1292B}.Ad-Hoc|ARM.ActiveCfg = Release|Any CPU
		{AA7ADD82-7540-443F-A13E-AFFD9FB1292B}.Ad-Hoc|ARM.Build.0 = Release|Any CPU
		{AA7ADD82-7540-443F-A13E-AFFD9FB1292B}.Ad-Hoc|iPhone.ActiveCfg = Release|Any CPU
		{AA7ADD82-7540-443F-A13E-AFFD9FB1292B}.Ad-Hoc|iPhone.Build.0 = Release|Any CPU
		{AA7ADD82-7540-443F-A13E-AFFD9FB1292B}.Ad-Hoc|iPhoneSimulator.ActiveCfg = Release|Any CPU
		{AA7ADD82-7540-443F-A13E-AFFD9FB1292B}.Ad-Hoc|iPhoneSimulator.Build.0 = Release|Any CPU
		{AA7ADD82-7540-443F-A13E-AFFD9FB1292B}.Ad-Hoc|x64.ActiveCfg = Release|Any CPU
		{AA7ADD82-7540-443F-A13E-AFFD9FB1292B}.Ad-Hoc|x64.Build.0 = Release|Any CPU
		{AA7ADD82-7540-443F-A13E-AFFD9FB1292B}.Ad-Hoc|x86.ActiveCfg = Release|Any CPU
		{AA7ADD82-7540-443F-A13E-AFFD9FB1292B}.Ad-Hoc|x86.Build.0 = Release|Any CPU
		{AA7ADD82-7540-443F-A13E-AFFD9FB1292B}.AppStore|Any CPU.ActiveCfg = Release|Any CPU
		{AA7ADD82-7540-443F-A13E-AFFD9FB1292B}.AppStore|Any CPU.Build.0 = Release|Any CPU
		{AA7ADD82-7540-443F-A13E-AFFD9FB1292B}.AppStore|ARM.ActiveCfg = Release|Any CPU
		{AA7ADD82-7540-443F-A13E-AFFD9FB1292B}.AppStore|ARM.Build.0 = Release|Any CPU
		{AA7ADD82-7540-443F-A13E-AFFD9FB1292B}.AppStore|iPhone.ActiveCfg = Release|Any CPU
		{AA7ADD82-7540-443F-A13E-AFFD9FB1292B}.AppStore|iPhone.Build.0 = Release|Any CPU
		{AA7ADD82-7540-443F-A13E-AFFD9FB1292B}.AppStore|iPhoneSimulator.ActiveCfg = Release|Any CPU
		{AA7ADD82-7540-443F-A13E-AFFD9FB1292B}.AppStore|iPhoneSimulator.Build.0 = Release|Any CPU
		{AA7ADD82-7540-443F-A13E-AFFD9FB1292B}.AppStore|x64.ActiveCfg = Release|Any CPU
		{AA7ADD82-7540-443F-A13E-AFFD9FB1292B}.AppStore|x64.Build.0 = Release|Any CPU
		{AA7ADD82-7540-443F-A13E-AFFD9FB1292B}.AppStore|x86.ActiveCfg = Release|Any CPU
		{AA7ADD82-7540-443F-A13E-AFFD9FB1292B}.AppStore|x86.Build.0 = Release|Any CPU
		{AA7ADD82-7540-443F-A13E-AFFD9FB1292B}.Debug|Any CPU.ActiveCfg = Debug|Any CPU
		{AA7ADD82-7540-443F-A13E-AFFD9FB1292B}.Debug|Any CPU.Build.0 = Debug|Any CPU
		{AA7ADD82-7540-443F-A13E-AFFD9FB1292B}.Debug|ARM.ActiveCfg = Debug|Any CPU
		{AA7ADD82-7540-443F-A13E-AFFD9FB1292B}.Debug|ARM.Build.0 = Debug|Any CPU
		{AA7ADD82-7540-443F-A13E-AFFD9FB1292B}.Debug|iPhone.ActiveCfg = Debug|Any CPU
		{AA7ADD82-7540-443F-A13E-AFFD9FB1292B}.Debug|iPhone.Build.0 = Debug|Any CPU
		{AA7ADD82-7540-443F-A13E-AFFD9FB1292B}.Debug|iPhoneSimulator.ActiveCfg = Debug|Any CPU
		{AA7ADD82-7540-443F-A13E-AFFD9FB1292B}.Debug|iPhoneSimulator.Build.0 = Debug|Any CPU
		{AA7ADD82-7540-443F-A13E-AFFD9FB1292B}.Debug|x64.ActiveCfg = Debug|Any CPU
		{AA7ADD82-7540-443F-A13E-AFFD9FB1292B}.Debug|x64.Build.0 = Debug|Any CPU
		{AA7ADD82-7540-443F-A13E-AFFD9FB1292B}.Debug|x86.ActiveCfg = Debug|Any CPU
		{AA7ADD82-7540-443F-A13E-AFFD9FB1292B}.Debug|x86.Build.0 = Debug|Any CPU
		{AA7ADD82-7540-443F-A13E-AFFD9FB1292B}.Release|Any CPU.ActiveCfg = Release|Any CPU
		{AA7ADD82-7540-443F-A13E-AFFD9FB1292B}.Release|Any CPU.Build.0 = Release|Any CPU
		{AA7ADD82-7540-443F-A13E-AFFD9FB1292B}.Release|ARM.ActiveCfg = Release|Any CPU
		{AA7ADD82-7540-443F-A13E-AFFD9FB1292B}.Release|ARM.Build.0 = Release|Any CPU
		{AA7ADD82-7540-443F-A13E-AFFD9FB1292B}.Release|iPhone.ActiveCfg = Release|Any CPU
		{AA7ADD82-7540-443F-A13E-AFFD9FB1292B}.Release|iPhone.Build.0 = Release|Any CPU
		{AA7ADD82-7540-443F-A13E-AFFD9FB1292B}.Release|iPhoneSimulator.ActiveCfg = Release|Any CPU
		{AA7ADD82-7540-443F-A13E-AFFD9FB1292B}.Release|iPhoneSimulator.Build.0 = Release|Any CPU
		{AA7ADD82-7540-443F-A13E-AFFD9FB1292B}.Release|x64.ActiveCfg = Release|Any CPU
		{AA7ADD82-7540-443F-A13E-AFFD9FB1292B}.Release|x64.Build.0 = Release|Any CPU
		{AA7ADD82-7540-443F-A13E-AFFD9FB1292B}.Release|x86.ActiveCfg = Release|Any CPU
		{AA7ADD82-7540-443F-A13E-AFFD9FB1292B}.Release|x86.Build.0 = Release|Any CPU
		{2BEF26C6-D32C-4A5C-BF2F-9A8D26F2A8C0}.Ad-Hoc|Any CPU.ActiveCfg = Release|Any CPU
		{2BEF26C6-D32C-4A5C-BF2F-9A8D26F2A8C0}.Ad-Hoc|Any CPU.Build.0 = Release|Any CPU
		{2BEF26C6-D32C-4A5C-BF2F-9A8D26F2A8C0}.Ad-Hoc|ARM.ActiveCfg = Release|Any CPU
		{2BEF26C6-D32C-4A5C-BF2F-9A8D26F2A8C0}.Ad-Hoc|ARM.Build.0 = Release|Any CPU
		{2BEF26C6-D32C-4A5C-BF2F-9A8D26F2A8C0}.Ad-Hoc|iPhone.ActiveCfg = Release|Any CPU
		{2BEF26C6-D32C-4A5C-BF2F-9A8D26F2A8C0}.Ad-Hoc|iPhone.Build.0 = Release|Any CPU
		{2BEF26C6-D32C-4A5C-BF2F-9A8D26F2A8C0}.Ad-Hoc|iPhoneSimulator.ActiveCfg = Release|Any CPU
		{2BEF26C6-D32C-4A5C-BF2F-9A8D26F2A8C0}.Ad-Hoc|iPhoneSimulator.Build.0 = Release|Any CPU
		{2BEF26C6-D32C-4A5C-BF2F-9A8D26F2A8C0}.Ad-Hoc|x64.ActiveCfg = Release|Any CPU
		{2BEF26C6-D32C-4A5C-BF2F-9A8D26F2A8C0}.Ad-Hoc|x64.Build.0 = Release|Any CPU
		{2BEF26C6-D32C-4A5C-BF2F-9A8D26F2A8C0}.Ad-Hoc|x86.ActiveCfg = Release|Any CPU
		{2BEF26C6-D32C-4A5C-BF2F-9A8D26F2A8C0}.Ad-Hoc|x86.Build.0 = Release|Any CPU
		{2BEF26C6-D32C-4A5C-BF2F-9A8D26F2A8C0}.AppStore|Any CPU.ActiveCfg = Release|Any CPU
		{2BEF26C6-D32C-4A5C-BF2F-9A8D26F2A8C0}.AppStore|Any CPU.Build.0 = Release|Any CPU
		{2BEF26C6-D32C-4A5C-BF2F-9A8D26F2A8C0}.AppStore|ARM.ActiveCfg = Release|Any CPU
		{2BEF26C6-D32C-4A5C-BF2F-9A8D26F2A8C0}.AppStore|ARM.Build.0 = Release|Any CPU
		{2BEF26C6-D32C-4A5C-BF2F-9A8D26F2A8C0}.AppStore|iPhone.ActiveCfg = Release|Any CPU
		{2BEF26C6-D32C-4A5C-BF2F-9A8D26F2A8C0}.AppStore|iPhone.Build.0 = Release|Any CPU
		{2BEF26C6-D32C-4A5C-BF2F-9A8D26F2A8C0}.AppStore|iPhoneSimulator.ActiveCfg = Release|Any CPU
		{2BEF26C6-D32C-4A5C-BF2F-9A8D26F2A8C0}.AppStore|iPhoneSimulator.Build.0 = Release|Any CPU
		{2BEF26C6-D32C-4A5C-BF2F-9A8D26F2A8C0}.AppStore|x64.ActiveCfg = Release|Any CPU
		{2BEF26C6-D32C-4A5C-BF2F-9A8D26F2A8C0}.AppStore|x64.Build.0 = Release|Any CPU
		{2BEF26C6-D32C-4A5C-BF2F-9A8D26F2A8C0}.AppStore|x86.ActiveCfg = Release|Any CPU
		{2BEF26C6-D32C-4A5C-BF2F-9A8D26F2A8C0}.AppStore|x86.Build.0 = Release|Any CPU
		{2BEF26C6-D32C-4A5C-BF2F-9A8D26F2A8C0}.Debug|Any CPU.ActiveCfg = Debug|Any CPU
		{2BEF26C6-D32C-4A5C-BF2F-9A8D26F2A8C0}.Debug|Any CPU.Build.0 = Debug|Any CPU
		{2BEF26C6-D32C-4A5C-BF2F-9A8D26F2A8C0}.Debug|ARM.ActiveCfg = Debug|Any CPU
		{2BEF26C6-D32C-4A5C-BF2F-9A8D26F2A8C0}.Debug|ARM.Build.0 = Debug|Any CPU
		{2BEF26C6-D32C-4A5C-BF2F-9A8D26F2A8C0}.Debug|iPhone.ActiveCfg = Debug|Any CPU
		{2BEF26C6-D32C-4A5C-BF2F-9A8D26F2A8C0}.Debug|iPhone.Build.0 = Debug|Any CPU
		{2BEF26C6-D32C-4A5C-BF2F-9A8D26F2A8C0}.Debug|iPhoneSimulator.ActiveCfg = Debug|Any CPU
		{2BEF26C6-D32C-4A5C-BF2F-9A8D26F2A8C0}.Debug|iPhoneSimulator.Build.0 = Debug|Any CPU
		{2BEF26C6-D32C-4A5C-BF2F-9A8D26F2A8C0}.Debug|x64.ActiveCfg = Debug|Any CPU
		{2BEF26C6-D32C-4A5C-BF2F-9A8D26F2A8C0}.Debug|x64.Build.0 = Debug|Any CPU
		{2BEF26C6-D32C-4A5C-BF2F-9A8D26F2A8C0}.Debug|x86.ActiveCfg = Debug|Any CPU
		{2BEF26C6-D32C-4A5C-BF2F-9A8D26F2A8C0}.Debug|x86.Build.0 = Debug|Any CPU
		{2BEF26C6-D32C-4A5C-BF2F-9A8D26F2A8C0}.Release|Any CPU.ActiveCfg = Release|Any CPU
		{2BEF26C6-D32C-4A5C-BF2F-9A8D26F2A8C0}.Release|Any CPU.Build.0 = Release|Any CPU
		{2BEF26C6-D32C-4A5C-BF2F-9A8D26F2A8C0}.Release|ARM.ActiveCfg = Release|Any CPU
		{2BEF26C6-D32C-4A5C-BF2F-9A8D26F2A8C0}.Release|ARM.Build.0 = Release|Any CPU
		{2BEF26C6-D32C-4A5C-BF2F-9A8D26F2A8C0}.Release|iPhone.ActiveCfg = Release|Any CPU
		{2BEF26C6-D32C-4A5C-BF2F-9A8D26F2A8C0}.Release|iPhone.Build.0 = Release|Any CPU
		{2BEF26C6-D32C-4A5C-BF2F-9A8D26F2A8C0}.Release|iPhoneSimulator.ActiveCfg = Release|Any CPU
		{2BEF26C6-D32C-4A5C-BF2F-9A8D26F2A8C0}.Release|iPhoneSimulator.Build.0 = Release|Any CPU
		{2BEF26C6-D32C-4A5C-BF2F-9A8D26F2A8C0}.Release|x64.ActiveCfg = Release|Any CPU
		{2BEF26C6-D32C-4A5C-BF2F-9A8D26F2A8C0}.Release|x64.Build.0 = Release|Any CPU
		{2BEF26C6-D32C-4A5C-BF2F-9A8D26F2A8C0}.Release|x86.ActiveCfg = Release|Any CPU
		{2BEF26C6-D32C-4A5C-BF2F-9A8D26F2A8C0}.Release|x86.Build.0 = Release|Any CPU
		{782C3519-624B-449D-B472-49D025F81447}.Ad-Hoc|Any CPU.ActiveCfg = Release|Any CPU
		{782C3519-624B-449D-B472-49D025F81447}.Ad-Hoc|Any CPU.Build.0 = Release|Any CPU
		{782C3519-624B-449D-B472-49D025F81447}.Ad-Hoc|ARM.ActiveCfg = Release|Any CPU
		{782C3519-624B-449D-B472-49D025F81447}.Ad-Hoc|ARM.Build.0 = Release|Any CPU
		{782C3519-624B-449D-B472-49D025F81447}.Ad-Hoc|iPhone.ActiveCfg = Release|Any CPU
		{782C3519-624B-449D-B472-49D025F81447}.Ad-Hoc|iPhone.Build.0 = Release|Any CPU
		{782C3519-624B-449D-B472-49D025F81447}.Ad-Hoc|iPhoneSimulator.ActiveCfg = Release|Any CPU
		{782C3519-624B-449D-B472-49D025F81447}.Ad-Hoc|iPhoneSimulator.Build.0 = Release|Any CPU
		{782C3519-624B-449D-B472-49D025F81447}.Ad-Hoc|x64.ActiveCfg = Release|Any CPU
		{782C3519-624B-449D-B472-49D025F81447}.Ad-Hoc|x64.Build.0 = Release|Any CPU
		{782C3519-624B-449D-B472-49D025F81447}.Ad-Hoc|x86.ActiveCfg = Release|Any CPU
		{782C3519-624B-449D-B472-49D025F81447}.Ad-Hoc|x86.Build.0 = Release|Any CPU
		{782C3519-624B-449D-B472-49D025F81447}.AppStore|Any CPU.ActiveCfg = Release|Any CPU
		{782C3519-624B-449D-B472-49D025F81447}.AppStore|Any CPU.Build.0 = Release|Any CPU
		{782C3519-624B-449D-B472-49D025F81447}.AppStore|ARM.ActiveCfg = Release|Any CPU
		{782C3519-624B-449D-B472-49D025F81447}.AppStore|ARM.Build.0 = Release|Any CPU
		{782C3519-624B-449D-B472-49D025F81447}.AppStore|iPhone.ActiveCfg = Release|Any CPU
		{782C3519-624B-449D-B472-49D025F81447}.AppStore|iPhone.Build.0 = Release|Any CPU
		{782C3519-624B-449D-B472-49D025F81447}.AppStore|iPhoneSimulator.ActiveCfg = Release|Any CPU
		{782C3519-624B-449D-B472-49D025F81447}.AppStore|iPhoneSimulator.Build.0 = Release|Any CPU
		{782C3519-624B-449D-B472-49D025F81447}.AppStore|x64.ActiveCfg = Release|Any CPU
		{782C3519-624B-449D-B472-49D025F81447}.AppStore|x64.Build.0 = Release|Any CPU
		{782C3519-624B-449D-B472-49D025F81447}.AppStore|x86.ActiveCfg = Release|Any CPU
		{782C3519-624B-449D-B472-49D025F81447}.AppStore|x86.Build.0 = Release|Any CPU
		{782C3519-624B-449D-B472-49D025F81447}.Debug|Any CPU.ActiveCfg = Debug|Any CPU
		{782C3519-624B-449D-B472-49D025F81447}.Debug|Any CPU.Build.0 = Debug|Any CPU
		{782C3519-624B-449D-B472-49D025F81447}.Debug|ARM.ActiveCfg = Debug|Any CPU
		{782C3519-624B-449D-B472-49D025F81447}.Debug|ARM.Build.0 = Debug|Any CPU
		{782C3519-624B-449D-B472-49D025F81447}.Debug|iPhone.ActiveCfg = Debug|Any CPU
		{782C3519-624B-449D-B472-49D025F81447}.Debug|iPhone.Build.0 = Debug|Any CPU
		{782C3519-624B-449D-B472-49D025F81447}.Debug|iPhoneSimulator.ActiveCfg = Debug|Any CPU
		{782C3519-624B-449D-B472-49D025F81447}.Debug|iPhoneSimulator.Build.0 = Debug|Any CPU
		{782C3519-624B-449D-B472-49D025F81447}.Debug|x64.ActiveCfg = Debug|Any CPU
		{782C3519-624B-449D-B472-49D025F81447}.Debug|x64.Build.0 = Debug|Any CPU
		{782C3519-624B-449D-B472-49D025F81447}.Debug|x86.ActiveCfg = Debug|Any CPU
		{782C3519-624B-449D-B472-49D025F81447}.Debug|x86.Build.0 = Debug|Any CPU
		{782C3519-624B-449D-B472-49D025F81447}.Release|Any CPU.ActiveCfg = Release|Any CPU
		{782C3519-624B-449D-B472-49D025F81447}.Release|Any CPU.Build.0 = Release|Any CPU
		{782C3519-624B-449D-B472-49D025F81447}.Release|ARM.ActiveCfg = Release|Any CPU
		{782C3519-624B-449D-B472-49D025F81447}.Release|ARM.Build.0 = Release|Any CPU
		{782C3519-624B-449D-B472-49D025F81447}.Release|iPhone.ActiveCfg = Release|Any CPU
		{782C3519-624B-449D-B472-49D025F81447}.Release|iPhone.Build.0 = Release|Any CPU
		{782C3519-624B-449D-B472-49D025F81447}.Release|iPhoneSimulator.ActiveCfg = Release|Any CPU
		{782C3519-624B-449D-B472-49D025F81447}.Release|iPhoneSimulator.Build.0 = Release|Any CPU
		{782C3519-624B-449D-B472-49D025F81447}.Release|x64.ActiveCfg = Release|Any CPU
		{782C3519-624B-449D-B472-49D025F81447}.Release|x64.Build.0 = Release|Any CPU
		{782C3519-624B-449D-B472-49D025F81447}.Release|x86.ActiveCfg = Release|Any CPU
		{782C3519-624B-449D-B472-49D025F81447}.Release|x86.Build.0 = Release|Any CPU
		{B241E90F-9E7D-4C68-B64D-BAC82155A551}.Ad-Hoc|Any CPU.ActiveCfg = Release|Any CPU
		{B241E90F-9E7D-4C68-B64D-BAC82155A551}.Ad-Hoc|Any CPU.Build.0 = Release|Any CPU
		{B241E90F-9E7D-4C68-B64D-BAC82155A551}.Ad-Hoc|ARM.ActiveCfg = Release|Any CPU
		{B241E90F-9E7D-4C68-B64D-BAC82155A551}.Ad-Hoc|ARM.Build.0 = Release|Any CPU
		{B241E90F-9E7D-4C68-B64D-BAC82155A551}.Ad-Hoc|iPhone.ActiveCfg = Release|Any CPU
		{B241E90F-9E7D-4C68-B64D-BAC82155A551}.Ad-Hoc|iPhone.Build.0 = Release|Any CPU
		{B241E90F-9E7D-4C68-B64D-BAC82155A551}.Ad-Hoc|iPhoneSimulator.ActiveCfg = Release|Any CPU
		{B241E90F-9E7D-4C68-B64D-BAC82155A551}.Ad-Hoc|iPhoneSimulator.Build.0 = Release|Any CPU
		{B241E90F-9E7D-4C68-B64D-BAC82155A551}.Ad-Hoc|x64.ActiveCfg = Release|Any CPU
		{B241E90F-9E7D-4C68-B64D-BAC82155A551}.Ad-Hoc|x64.Build.0 = Release|Any CPU
		{B241E90F-9E7D-4C68-B64D-BAC82155A551}.Ad-Hoc|x86.ActiveCfg = Release|Any CPU
		{B241E90F-9E7D-4C68-B64D-BAC82155A551}.Ad-Hoc|x86.Build.0 = Release|Any CPU
		{B241E90F-9E7D-4C68-B64D-BAC82155A551}.AppStore|Any CPU.ActiveCfg = Release|Any CPU
		{B241E90F-9E7D-4C68-B64D-BAC82155A551}.AppStore|Any CPU.Build.0 = Release|Any CPU
		{B241E90F-9E7D-4C68-B64D-BAC82155A551}.AppStore|ARM.ActiveCfg = Release|Any CPU
		{B241E90F-9E7D-4C68-B64D-BAC82155A551}.AppStore|ARM.Build.0 = Release|Any CPU
		{B241E90F-9E7D-4C68-B64D-BAC82155A551}.AppStore|iPhone.ActiveCfg = Release|Any CPU
		{B241E90F-9E7D-4C68-B64D-BAC82155A551}.AppStore|iPhone.Build.0 = Release|Any CPU
		{B241E90F-9E7D-4C68-B64D-BAC82155A551}.AppStore|iPhoneSimulator.ActiveCfg = Release|Any CPU
		{B241E90F-9E7D-4C68-B64D-BAC82155A551}.AppStore|iPhoneSimulator.Build.0 = Release|Any CPU
		{B241E90F-9E7D-4C68-B64D-BAC82155A551}.AppStore|x64.ActiveCfg = Release|Any CPU
		{B241E90F-9E7D-4C68-B64D-BAC82155A551}.AppStore|x64.Build.0 = Release|Any CPU
		{B241E90F-9E7D-4C68-B64D-BAC82155A551}.AppStore|x86.ActiveCfg = Release|Any CPU
		{B241E90F-9E7D-4C68-B64D-BAC82155A551}.AppStore|x86.Build.0 = Release|Any CPU
		{B241E90F-9E7D-4C68-B64D-BAC82155A551}.Debug|Any CPU.ActiveCfg = Debug|Any CPU
		{B241E90F-9E7D-4C68-B64D-BAC82155A551}.Debug|Any CPU.Build.0 = Debug|Any CPU
		{B241E90F-9E7D-4C68-B64D-BAC82155A551}.Debug|ARM.ActiveCfg = Debug|Any CPU
		{B241E90F-9E7D-4C68-B64D-BAC82155A551}.Debug|ARM.Build.0 = Debug|Any CPU
		{B241E90F-9E7D-4C68-B64D-BAC82155A551}.Debug|iPhone.ActiveCfg = Debug|Any CPU
		{B241E90F-9E7D-4C68-B64D-BAC82155A551}.Debug|iPhone.Build.0 = Debug|Any CPU
		{B241E90F-9E7D-4C68-B64D-BAC82155A551}.Debug|iPhoneSimulator.ActiveCfg = Debug|Any CPU
		{B241E90F-9E7D-4C68-B64D-BAC82155A551}.Debug|iPhoneSimulator.Build.0 = Debug|Any CPU
		{B241E90F-9E7D-4C68-B64D-BAC82155A551}.Debug|x64.ActiveCfg = Debug|Any CPU
		{B241E90F-9E7D-4C68-B64D-BAC82155A551}.Debug|x64.Build.0 = Debug|Any CPU
		{B241E90F-9E7D-4C68-B64D-BAC82155A551}.Debug|x86.ActiveCfg = Debug|Any CPU
		{B241E90F-9E7D-4C68-B64D-BAC82155A551}.Debug|x86.Build.0 = Debug|Any CPU
		{B241E90F-9E7D-4C68-B64D-BAC82155A551}.Release|Any CPU.ActiveCfg = Release|Any CPU
		{B241E90F-9E7D-4C68-B64D-BAC82155A551}.Release|Any CPU.Build.0 = Release|Any CPU
		{B241E90F-9E7D-4C68-B64D-BAC82155A551}.Release|ARM.ActiveCfg = Release|Any CPU
		{B241E90F-9E7D-4C68-B64D-BAC82155A551}.Release|ARM.Build.0 = Release|Any CPU
		{B241E90F-9E7D-4C68-B64D-BAC82155A551}.Release|iPhone.ActiveCfg = Release|Any CPU
		{B241E90F-9E7D-4C68-B64D-BAC82155A551}.Release|iPhone.Build.0 = Release|Any CPU
		{B241E90F-9E7D-4C68-B64D-BAC82155A551}.Release|iPhoneSimulator.ActiveCfg = Release|Any CPU
		{B241E90F-9E7D-4C68-B64D-BAC82155A551}.Release|iPhoneSimulator.Build.0 = Release|Any CPU
		{B241E90F-9E7D-4C68-B64D-BAC82155A551}.Release|x64.ActiveCfg = Release|Any CPU
		{B241E90F-9E7D-4C68-B64D-BAC82155A551}.Release|x64.Build.0 = Release|Any CPU
		{B241E90F-9E7D-4C68-B64D-BAC82155A551}.Release|x86.ActiveCfg = Release|Any CPU
		{B241E90F-9E7D-4C68-B64D-BAC82155A551}.Release|x86.Build.0 = Release|Any CPU
		{CE195129-54FD-48C1-A1B8-9F71610BACFB}.Ad-Hoc|Any CPU.ActiveCfg = Release|Any CPU
		{CE195129-54FD-48C1-A1B8-9F71610BACFB}.Ad-Hoc|Any CPU.Build.0 = Release|Any CPU
		{CE195129-54FD-48C1-A1B8-9F71610BACFB}.Ad-Hoc|ARM.ActiveCfg = Release|Any CPU
		{CE195129-54FD-48C1-A1B8-9F71610BACFB}.Ad-Hoc|ARM.Build.0 = Release|Any CPU
		{CE195129-54FD-48C1-A1B8-9F71610BACFB}.Ad-Hoc|iPhone.ActiveCfg = Release|Any CPU
		{CE195129-54FD-48C1-A1B8-9F71610BACFB}.Ad-Hoc|iPhone.Build.0 = Release|Any CPU
		{CE195129-54FD-48C1-A1B8-9F71610BACFB}.Ad-Hoc|iPhoneSimulator.ActiveCfg = Release|Any CPU
		{CE195129-54FD-48C1-A1B8-9F71610BACFB}.Ad-Hoc|iPhoneSimulator.Build.0 = Release|Any CPU
		{CE195129-54FD-48C1-A1B8-9F71610BACFB}.Ad-Hoc|x64.ActiveCfg = Release|Any CPU
		{CE195129-54FD-48C1-A1B8-9F71610BACFB}.Ad-Hoc|x64.Build.0 = Release|Any CPU
		{CE195129-54FD-48C1-A1B8-9F71610BACFB}.Ad-Hoc|x86.ActiveCfg = Release|Any CPU
		{CE195129-54FD-48C1-A1B8-9F71610BACFB}.Ad-Hoc|x86.Build.0 = Release|Any CPU
		{CE195129-54FD-48C1-A1B8-9F71610BACFB}.AppStore|Any CPU.ActiveCfg = Release|Any CPU
		{CE195129-54FD-48C1-A1B8-9F71610BACFB}.AppStore|Any CPU.Build.0 = Release|Any CPU
		{CE195129-54FD-48C1-A1B8-9F71610BACFB}.AppStore|ARM.ActiveCfg = Release|Any CPU
		{CE195129-54FD-48C1-A1B8-9F71610BACFB}.AppStore|ARM.Build.0 = Release|Any CPU
		{CE195129-54FD-48C1-A1B8-9F71610BACFB}.AppStore|iPhone.ActiveCfg = Release|Any CPU
		{CE195129-54FD-48C1-A1B8-9F71610BACFB}.AppStore|iPhone.Build.0 = Release|Any CPU
		{CE195129-54FD-48C1-A1B8-9F71610BACFB}.AppStore|iPhoneSimulator.ActiveCfg = Release|Any CPU
		{CE195129-54FD-48C1-A1B8-9F71610BACFB}.AppStore|iPhoneSimulator.Build.0 = Release|Any CPU
		{CE195129-54FD-48C1-A1B8-9F71610BACFB}.AppStore|x64.ActiveCfg = Release|Any CPU
		{CE195129-54FD-48C1-A1B8-9F71610BACFB}.AppStore|x64.Build.0 = Release|Any CPU
		{CE195129-54FD-48C1-A1B8-9F71610BACFB}.AppStore|x86.ActiveCfg = Release|Any CPU
		{CE195129-54FD-48C1-A1B8-9F71610BACFB}.AppStore|x86.Build.0 = Release|Any CPU
		{CE195129-54FD-48C1-A1B8-9F71610BACFB}.Debug|Any CPU.ActiveCfg = Debug|Any CPU
		{CE195129-54FD-48C1-A1B8-9F71610BACFB}.Debug|Any CPU.Build.0 = Debug|Any CPU
		{CE195129-54FD-48C1-A1B8-9F71610BACFB}.Debug|ARM.ActiveCfg = Debug|Any CPU
		{CE195129-54FD-48C1-A1B8-9F71610BACFB}.Debug|ARM.Build.0 = Debug|Any CPU
		{CE195129-54FD-48C1-A1B8-9F71610BACFB}.Debug|iPhone.ActiveCfg = Debug|Any CPU
		{CE195129-54FD-48C1-A1B8-9F71610BACFB}.Debug|iPhone.Build.0 = Debug|Any CPU
		{CE195129-54FD-48C1-A1B8-9F71610BACFB}.Debug|iPhoneSimulator.ActiveCfg = Debug|Any CPU
		{CE195129-54FD-48C1-A1B8-9F71610BACFB}.Debug|iPhoneSimulator.Build.0 = Debug|Any CPU
		{CE195129-54FD-48C1-A1B8-9F71610BACFB}.Debug|x64.ActiveCfg = Debug|Any CPU
		{CE195129-54FD-48C1-A1B8-9F71610BACFB}.Debug|x64.Build.0 = Debug|Any CPU
		{CE195129-54FD-48C1-A1B8-9F71610BACFB}.Debug|x86.ActiveCfg = Debug|Any CPU
		{CE195129-54FD-48C1-A1B8-9F71610BACFB}.Debug|x86.Build.0 = Debug|Any CPU
		{CE195129-54FD-48C1-A1B8-9F71610BACFB}.Release|Any CPU.ActiveCfg = Release|Any CPU
		{CE195129-54FD-48C1-A1B8-9F71610BACFB}.Release|Any CPU.Build.0 = Release|Any CPU
		{CE195129-54FD-48C1-A1B8-9F71610BACFB}.Release|ARM.ActiveCfg = Release|Any CPU
		{CE195129-54FD-48C1-A1B8-9F71610BACFB}.Release|ARM.Build.0 = Release|Any CPU
		{CE195129-54FD-48C1-A1B8-9F71610BACFB}.Release|iPhone.ActiveCfg = Release|Any CPU
		{CE195129-54FD-48C1-A1B8-9F71610BACFB}.Release|iPhone.Build.0 = Release|Any CPU
		{CE195129-54FD-48C1-A1B8-9F71610BACFB}.Release|iPhoneSimulator.ActiveCfg = Release|Any CPU
		{CE195129-54FD-48C1-A1B8-9F71610BACFB}.Release|iPhoneSimulator.Build.0 = Release|Any CPU
		{CE195129-54FD-48C1-A1B8-9F71610BACFB}.Release|x64.ActiveCfg = Release|Any CPU
		{CE195129-54FD-48C1-A1B8-9F71610BACFB}.Release|x64.Build.0 = Release|Any CPU
		{CE195129-54FD-48C1-A1B8-9F71610BACFB}.Release|x86.ActiveCfg = Release|Any CPU
		{CE195129-54FD-48C1-A1B8-9F71610BACFB}.Release|x86.Build.0 = Release|Any CPU
		{DB323CF6-6ED9-434F-B813-E537381D91BD}.Ad-Hoc|Any CPU.ActiveCfg = Release|Any CPU
		{DB323CF6-6ED9-434F-B813-E537381D91BD}.Ad-Hoc|Any CPU.Build.0 = Release|Any CPU
		{DB323CF6-6ED9-434F-B813-E537381D91BD}.Ad-Hoc|ARM.ActiveCfg = Release|Any CPU
		{DB323CF6-6ED9-434F-B813-E537381D91BD}.Ad-Hoc|ARM.Build.0 = Release|Any CPU
		{DB323CF6-6ED9-434F-B813-E537381D91BD}.Ad-Hoc|iPhone.ActiveCfg = Release|Any CPU
		{DB323CF6-6ED9-434F-B813-E537381D91BD}.Ad-Hoc|iPhone.Build.0 = Release|Any CPU
		{DB323CF6-6ED9-434F-B813-E537381D91BD}.Ad-Hoc|iPhoneSimulator.ActiveCfg = Release|Any CPU
		{DB323CF6-6ED9-434F-B813-E537381D91BD}.Ad-Hoc|iPhoneSimulator.Build.0 = Release|Any CPU
		{DB323CF6-6ED9-434F-B813-E537381D91BD}.Ad-Hoc|x64.ActiveCfg = Release|Any CPU
		{DB323CF6-6ED9-434F-B813-E537381D91BD}.Ad-Hoc|x64.Build.0 = Release|Any CPU
		{DB323CF6-6ED9-434F-B813-E537381D91BD}.Ad-Hoc|x86.ActiveCfg = Release|Any CPU
		{DB323CF6-6ED9-434F-B813-E537381D91BD}.Ad-Hoc|x86.Build.0 = Release|Any CPU
		{DB323CF6-6ED9-434F-B813-E537381D91BD}.AppStore|Any CPU.ActiveCfg = Release|Any CPU
		{DB323CF6-6ED9-434F-B813-E537381D91BD}.AppStore|Any CPU.Build.0 = Release|Any CPU
		{DB323CF6-6ED9-434F-B813-E537381D91BD}.AppStore|ARM.ActiveCfg = Release|Any CPU
		{DB323CF6-6ED9-434F-B813-E537381D91BD}.AppStore|ARM.Build.0 = Release|Any CPU
		{DB323CF6-6ED9-434F-B813-E537381D91BD}.AppStore|iPhone.ActiveCfg = Release|Any CPU
		{DB323CF6-6ED9-434F-B813-E537381D91BD}.AppStore|iPhone.Build.0 = Release|Any CPU
		{DB323CF6-6ED9-434F-B813-E537381D91BD}.AppStore|iPhoneSimulator.ActiveCfg = Release|Any CPU
		{DB323CF6-6ED9-434F-B813-E537381D91BD}.AppStore|iPhoneSimulator.Build.0 = Release|Any CPU
		{DB323CF6-6ED9-434F-B813-E537381D91BD}.AppStore|x64.ActiveCfg = Release|Any CPU
		{DB323CF6-6ED9-434F-B813-E537381D91BD}.AppStore|x64.Build.0 = Release|Any CPU
		{DB323CF6-6ED9-434F-B813-E537381D91BD}.AppStore|x86.ActiveCfg = Release|Any CPU
		{DB323CF6-6ED9-434F-B813-E537381D91BD}.AppStore|x86.Build.0 = Release|Any CPU
		{DB323CF6-6ED9-434F-B813-E537381D91BD}.Debug|Any CPU.ActiveCfg = Debug|Any CPU
		{DB323CF6-6ED9-434F-B813-E537381D91BD}.Debug|Any CPU.Build.0 = Debug|Any CPU
		{DB323CF6-6ED9-434F-B813-E537381D91BD}.Debug|ARM.ActiveCfg = Debug|Any CPU
		{DB323CF6-6ED9-434F-B813-E537381D91BD}.Debug|ARM.Build.0 = Debug|Any CPU
		{DB323CF6-6ED9-434F-B813-E537381D91BD}.Debug|iPhone.ActiveCfg = Debug|Any CPU
		{DB323CF6-6ED9-434F-B813-E537381D91BD}.Debug|iPhone.Build.0 = Debug|Any CPU
		{DB323CF6-6ED9-434F-B813-E537381D91BD}.Debug|iPhoneSimulator.ActiveCfg = Debug|Any CPU
		{DB323CF6-6ED9-434F-B813-E537381D91BD}.Debug|iPhoneSimulator.Build.0 = Debug|Any CPU
		{DB323CF6-6ED9-434F-B813-E537381D91BD}.Debug|x64.ActiveCfg = Debug|Any CPU
		{DB323CF6-6ED9-434F-B813-E537381D91BD}.Debug|x64.Build.0 = Debug|Any CPU
		{DB323CF6-6ED9-434F-B813-E537381D91BD}.Debug|x86.ActiveCfg = Debug|Any CPU
		{DB323CF6-6ED9-434F-B813-E537381D91BD}.Debug|x86.Build.0 = Debug|Any CPU
		{DB323CF6-6ED9-434F-B813-E537381D91BD}.Release|Any CPU.ActiveCfg = Release|Any CPU
		{DB323CF6-6ED9-434F-B813-E537381D91BD}.Release|Any CPU.Build.0 = Release|Any CPU
		{DB323CF6-6ED9-434F-B813-E537381D91BD}.Release|ARM.ActiveCfg = Release|Any CPU
		{DB323CF6-6ED9-434F-B813-E537381D91BD}.Release|ARM.Build.0 = Release|Any CPU
		{DB323CF6-6ED9-434F-B813-E537381D91BD}.Release|iPhone.ActiveCfg = Release|Any CPU
		{DB323CF6-6ED9-434F-B813-E537381D91BD}.Release|iPhone.Build.0 = Release|Any CPU
		{DB323CF6-6ED9-434F-B813-E537381D91BD}.Release|iPhoneSimulator.ActiveCfg = Release|Any CPU
		{DB323CF6-6ED9-434F-B813-E537381D91BD}.Release|iPhoneSimulator.Build.0 = Release|Any CPU
		{DB323CF6-6ED9-434F-B813-E537381D91BD}.Release|x64.ActiveCfg = Release|Any CPU
		{DB323CF6-6ED9-434F-B813-E537381D91BD}.Release|x64.Build.0 = Release|Any CPU
		{DB323CF6-6ED9-434F-B813-E537381D91BD}.Release|x86.ActiveCfg = Release|Any CPU
		{DB323CF6-6ED9-434F-B813-E537381D91BD}.Release|x86.Build.0 = Release|Any CPU
		{FAFCAA04-51ED-464B-91D7-CDC841B44145}.Ad-Hoc|Any CPU.ActiveCfg = Release|Any CPU
		{FAFCAA04-51ED-464B-91D7-CDC841B44145}.Ad-Hoc|Any CPU.Build.0 = Release|Any CPU
		{FAFCAA04-51ED-464B-91D7-CDC841B44145}.Ad-Hoc|ARM.ActiveCfg = Release|Any CPU
		{FAFCAA04-51ED-464B-91D7-CDC841B44145}.Ad-Hoc|ARM.Build.0 = Release|Any CPU
		{FAFCAA04-51ED-464B-91D7-CDC841B44145}.Ad-Hoc|iPhone.ActiveCfg = Release|Any CPU
		{FAFCAA04-51ED-464B-91D7-CDC841B44145}.Ad-Hoc|iPhone.Build.0 = Release|Any CPU
		{FAFCAA04-51ED-464B-91D7-CDC841B44145}.Ad-Hoc|iPhoneSimulator.ActiveCfg = Release|Any CPU
		{FAFCAA04-51ED-464B-91D7-CDC841B44145}.Ad-Hoc|iPhoneSimulator.Build.0 = Release|Any CPU
		{FAFCAA04-51ED-464B-91D7-CDC841B44145}.Ad-Hoc|x64.ActiveCfg = Release|Any CPU
		{FAFCAA04-51ED-464B-91D7-CDC841B44145}.Ad-Hoc|x64.Build.0 = Release|Any CPU
		{FAFCAA04-51ED-464B-91D7-CDC841B44145}.Ad-Hoc|x86.ActiveCfg = Release|Any CPU
		{FAFCAA04-51ED-464B-91D7-CDC841B44145}.Ad-Hoc|x86.Build.0 = Release|Any CPU
		{FAFCAA04-51ED-464B-91D7-CDC841B44145}.AppStore|Any CPU.ActiveCfg = Release|Any CPU
		{FAFCAA04-51ED-464B-91D7-CDC841B44145}.AppStore|Any CPU.Build.0 = Release|Any CPU
		{FAFCAA04-51ED-464B-91D7-CDC841B44145}.AppStore|ARM.ActiveCfg = Release|Any CPU
		{FAFCAA04-51ED-464B-91D7-CDC841B44145}.AppStore|ARM.Build.0 = Release|Any CPU
		{FAFCAA04-51ED-464B-91D7-CDC841B44145}.AppStore|iPhone.ActiveCfg = Release|Any CPU
		{FAFCAA04-51ED-464B-91D7-CDC841B44145}.AppStore|iPhone.Build.0 = Release|Any CPU
		{FAFCAA04-51ED-464B-91D7-CDC841B44145}.AppStore|iPhoneSimulator.ActiveCfg = Release|Any CPU
		{FAFCAA04-51ED-464B-91D7-CDC841B44145}.AppStore|iPhoneSimulator.Build.0 = Release|Any CPU
		{FAFCAA04-51ED-464B-91D7-CDC841B44145}.AppStore|x64.ActiveCfg = Release|Any CPU
		{FAFCAA04-51ED-464B-91D7-CDC841B44145}.AppStore|x64.Build.0 = Release|Any CPU
		{FAFCAA04-51ED-464B-91D7-CDC841B44145}.AppStore|x86.ActiveCfg = Release|Any CPU
		{FAFCAA04-51ED-464B-91D7-CDC841B44145}.AppStore|x86.Build.0 = Release|Any CPU
		{FAFCAA04-51ED-464B-91D7-CDC841B44145}.Debug|Any CPU.ActiveCfg = Debug|Any CPU
		{FAFCAA04-51ED-464B-91D7-CDC841B44145}.Debug|Any CPU.Build.0 = Debug|Any CPU
		{FAFCAA04-51ED-464B-91D7-CDC841B44145}.Debug|ARM.ActiveCfg = Debug|Any CPU
		{FAFCAA04-51ED-464B-91D7-CDC841B44145}.Debug|ARM.Build.0 = Debug|Any CPU
		{FAFCAA04-51ED-464B-91D7-CDC841B44145}.Debug|iPhone.ActiveCfg = Debug|Any CPU
		{FAFCAA04-51ED-464B-91D7-CDC841B44145}.Debug|iPhone.Build.0 = Debug|Any CPU
		{FAFCAA04-51ED-464B-91D7-CDC841B44145}.Debug|iPhoneSimulator.ActiveCfg = Debug|Any CPU
		{FAFCAA04-51ED-464B-91D7-CDC841B44145}.Debug|iPhoneSimulator.Build.0 = Debug|Any CPU
		{FAFCAA04-51ED-464B-91D7-CDC841B44145}.Debug|x64.ActiveCfg = Debug|Any CPU
		{FAFCAA04-51ED-464B-91D7-CDC841B44145}.Debug|x64.Build.0 = Debug|Any CPU
		{FAFCAA04-51ED-464B-91D7-CDC841B44145}.Debug|x86.ActiveCfg = Debug|Any CPU
		{FAFCAA04-51ED-464B-91D7-CDC841B44145}.Debug|x86.Build.0 = Debug|Any CPU
		{FAFCAA04-51ED-464B-91D7-CDC841B44145}.Release|Any CPU.ActiveCfg = Release|Any CPU
		{FAFCAA04-51ED-464B-91D7-CDC841B44145}.Release|Any CPU.Build.0 = Release|Any CPU
		{FAFCAA04-51ED-464B-91D7-CDC841B44145}.Release|ARM.ActiveCfg = Release|Any CPU
		{FAFCAA04-51ED-464B-91D7-CDC841B44145}.Release|ARM.Build.0 = Release|Any CPU
		{FAFCAA04-51ED-464B-91D7-CDC841B44145}.Release|iPhone.ActiveCfg = Release|Any CPU
		{FAFCAA04-51ED-464B-91D7-CDC841B44145}.Release|iPhone.Build.0 = Release|Any CPU
		{FAFCAA04-51ED-464B-91D7-CDC841B44145}.Release|iPhoneSimulator.ActiveCfg = Release|Any CPU
		{FAFCAA04-51ED-464B-91D7-CDC841B44145}.Release|iPhoneSimulator.Build.0 = Release|Any CPU
		{FAFCAA04-51ED-464B-91D7-CDC841B44145}.Release|x64.ActiveCfg = Release|Any CPU
		{FAFCAA04-51ED-464B-91D7-CDC841B44145}.Release|x64.Build.0 = Release|Any CPU
		{FAFCAA04-51ED-464B-91D7-CDC841B44145}.Release|x86.ActiveCfg = Release|Any CPU
		{FAFCAA04-51ED-464B-91D7-CDC841B44145}.Release|x86.Build.0 = Release|Any CPU
		{20AAE886-8178-4D3D-A951-0381F418364A}.Ad-Hoc|Any CPU.ActiveCfg = Release|Any CPU
		{20AAE886-8178-4D3D-A951-0381F418364A}.Ad-Hoc|Any CPU.Build.0 = Release|Any CPU
		{20AAE886-8178-4D3D-A951-0381F418364A}.Ad-Hoc|Any CPU.Deploy.0 = Release|Any CPU
		{20AAE886-8178-4D3D-A951-0381F418364A}.Ad-Hoc|ARM.ActiveCfg = Release|Any CPU
		{20AAE886-8178-4D3D-A951-0381F418364A}.Ad-Hoc|ARM.Build.0 = Release|Any CPU
		{20AAE886-8178-4D3D-A951-0381F418364A}.Ad-Hoc|ARM.Deploy.0 = Release|Any CPU
		{20AAE886-8178-4D3D-A951-0381F418364A}.Ad-Hoc|iPhone.ActiveCfg = Release|Any CPU
		{20AAE886-8178-4D3D-A951-0381F418364A}.Ad-Hoc|iPhone.Build.0 = Release|Any CPU
		{20AAE886-8178-4D3D-A951-0381F418364A}.Ad-Hoc|iPhone.Deploy.0 = Release|Any CPU
		{20AAE886-8178-4D3D-A951-0381F418364A}.Ad-Hoc|iPhoneSimulator.ActiveCfg = Release|Any CPU
		{20AAE886-8178-4D3D-A951-0381F418364A}.Ad-Hoc|iPhoneSimulator.Build.0 = Release|Any CPU
		{20AAE886-8178-4D3D-A951-0381F418364A}.Ad-Hoc|iPhoneSimulator.Deploy.0 = Release|Any CPU
		{20AAE886-8178-4D3D-A951-0381F418364A}.Ad-Hoc|x64.ActiveCfg = Release|Any CPU
		{20AAE886-8178-4D3D-A951-0381F418364A}.Ad-Hoc|x64.Build.0 = Release|Any CPU
		{20AAE886-8178-4D3D-A951-0381F418364A}.Ad-Hoc|x64.Deploy.0 = Release|Any CPU
		{20AAE886-8178-4D3D-A951-0381F418364A}.Ad-Hoc|x86.ActiveCfg = Release|Any CPU
		{20AAE886-8178-4D3D-A951-0381F418364A}.Ad-Hoc|x86.Build.0 = Release|Any CPU
		{20AAE886-8178-4D3D-A951-0381F418364A}.Ad-Hoc|x86.Deploy.0 = Release|Any CPU
		{20AAE886-8178-4D3D-A951-0381F418364A}.AppStore|Any CPU.ActiveCfg = Release|Any CPU
		{20AAE886-8178-4D3D-A951-0381F418364A}.AppStore|Any CPU.Build.0 = Release|Any CPU
		{20AAE886-8178-4D3D-A951-0381F418364A}.AppStore|Any CPU.Deploy.0 = Release|Any CPU
		{20AAE886-8178-4D3D-A951-0381F418364A}.AppStore|ARM.ActiveCfg = Release|Any CPU
		{20AAE886-8178-4D3D-A951-0381F418364A}.AppStore|ARM.Build.0 = Release|Any CPU
		{20AAE886-8178-4D3D-A951-0381F418364A}.AppStore|ARM.Deploy.0 = Release|Any CPU
		{20AAE886-8178-4D3D-A951-0381F418364A}.AppStore|iPhone.ActiveCfg = Release|Any CPU
		{20AAE886-8178-4D3D-A951-0381F418364A}.AppStore|iPhone.Build.0 = Release|Any CPU
		{20AAE886-8178-4D3D-A951-0381F418364A}.AppStore|iPhone.Deploy.0 = Release|Any CPU
		{20AAE886-8178-4D3D-A951-0381F418364A}.AppStore|iPhoneSimulator.ActiveCfg = Release|Any CPU
		{20AAE886-8178-4D3D-A951-0381F418364A}.AppStore|iPhoneSimulator.Build.0 = Release|Any CPU
		{20AAE886-8178-4D3D-A951-0381F418364A}.AppStore|iPhoneSimulator.Deploy.0 = Release|Any CPU
		{20AAE886-8178-4D3D-A951-0381F418364A}.AppStore|x64.ActiveCfg = Release|Any CPU
		{20AAE886-8178-4D3D-A951-0381F418364A}.AppStore|x64.Build.0 = Release|Any CPU
		{20AAE886-8178-4D3D-A951-0381F418364A}.AppStore|x64.Deploy.0 = Release|Any CPU
		{20AAE886-8178-4D3D-A951-0381F418364A}.AppStore|x86.ActiveCfg = Release|Any CPU
		{20AAE886-8178-4D3D-A951-0381F418364A}.AppStore|x86.Build.0 = Release|Any CPU
		{20AAE886-8178-4D3D-A951-0381F418364A}.AppStore|x86.Deploy.0 = Release|Any CPU
		{20AAE886-8178-4D3D-A951-0381F418364A}.Debug|Any CPU.ActiveCfg = Debug|Any CPU
		{20AAE886-8178-4D3D-A951-0381F418364A}.Debug|Any CPU.Build.0 = Debug|Any CPU
		{20AAE886-8178-4D3D-A951-0381F418364A}.Debug|Any CPU.Deploy.0 = Debug|Any CPU
		{20AAE886-8178-4D3D-A951-0381F418364A}.Debug|ARM.ActiveCfg = Debug|Any CPU
		{20AAE886-8178-4D3D-A951-0381F418364A}.Debug|ARM.Build.0 = Debug|Any CPU
		{20AAE886-8178-4D3D-A951-0381F418364A}.Debug|ARM.Deploy.0 = Debug|Any CPU
		{20AAE886-8178-4D3D-A951-0381F418364A}.Debug|iPhone.ActiveCfg = Debug|Any CPU
		{20AAE886-8178-4D3D-A951-0381F418364A}.Debug|iPhone.Build.0 = Debug|Any CPU
		{20AAE886-8178-4D3D-A951-0381F418364A}.Debug|iPhone.Deploy.0 = Debug|Any CPU
		{20AAE886-8178-4D3D-A951-0381F418364A}.Debug|iPhoneSimulator.ActiveCfg = Debug|Any CPU
		{20AAE886-8178-4D3D-A951-0381F418364A}.Debug|iPhoneSimulator.Build.0 = Debug|Any CPU
		{20AAE886-8178-4D3D-A951-0381F418364A}.Debug|iPhoneSimulator.Deploy.0 = Debug|Any CPU
		{20AAE886-8178-4D3D-A951-0381F418364A}.Debug|x64.ActiveCfg = Debug|Any CPU
		{20AAE886-8178-4D3D-A951-0381F418364A}.Debug|x64.Build.0 = Debug|Any CPU
		{20AAE886-8178-4D3D-A951-0381F418364A}.Debug|x64.Deploy.0 = Debug|Any CPU
		{20AAE886-8178-4D3D-A951-0381F418364A}.Debug|x86.ActiveCfg = Debug|Any CPU
		{20AAE886-8178-4D3D-A951-0381F418364A}.Debug|x86.Build.0 = Debug|Any CPU
		{20AAE886-8178-4D3D-A951-0381F418364A}.Debug|x86.Deploy.0 = Debug|Any CPU
		{20AAE886-8178-4D3D-A951-0381F418364A}.Release|Any CPU.ActiveCfg = Release|Any CPU
		{20AAE886-8178-4D3D-A951-0381F418364A}.Release|Any CPU.Build.0 = Release|Any CPU
		{20AAE886-8178-4D3D-A951-0381F418364A}.Release|Any CPU.Deploy.0 = Release|Any CPU
		{20AAE886-8178-4D3D-A951-0381F418364A}.Release|ARM.ActiveCfg = Release|Any CPU
		{20AAE886-8178-4D3D-A951-0381F418364A}.Release|ARM.Build.0 = Release|Any CPU
		{20AAE886-8178-4D3D-A951-0381F418364A}.Release|ARM.Deploy.0 = Release|Any CPU
		{20AAE886-8178-4D3D-A951-0381F418364A}.Release|iPhone.ActiveCfg = Release|Any CPU
		{20AAE886-8178-4D3D-A951-0381F418364A}.Release|iPhone.Build.0 = Release|Any CPU
		{20AAE886-8178-4D3D-A951-0381F418364A}.Release|iPhone.Deploy.0 = Release|Any CPU
		{20AAE886-8178-4D3D-A951-0381F418364A}.Release|iPhoneSimulator.ActiveCfg = Release|Any CPU
		{20AAE886-8178-4D3D-A951-0381F418364A}.Release|iPhoneSimulator.Build.0 = Release|Any CPU
		{20AAE886-8178-4D3D-A951-0381F418364A}.Release|iPhoneSimulator.Deploy.0 = Release|Any CPU
		{20AAE886-8178-4D3D-A951-0381F418364A}.Release|x64.ActiveCfg = Release|Any CPU
		{20AAE886-8178-4D3D-A951-0381F418364A}.Release|x64.Build.0 = Release|Any CPU
		{20AAE886-8178-4D3D-A951-0381F418364A}.Release|x64.Deploy.0 = Release|Any CPU
		{20AAE886-8178-4D3D-A951-0381F418364A}.Release|x86.ActiveCfg = Release|Any CPU
		{20AAE886-8178-4D3D-A951-0381F418364A}.Release|x86.Build.0 = Release|Any CPU
		{20AAE886-8178-4D3D-A951-0381F418364A}.Release|x86.Deploy.0 = Release|Any CPU
		{10E36DDD-1F6A-4259-9A88-A42773C750EB}.Ad-Hoc|Any CPU.ActiveCfg = Ad-Hoc|iPhone
		{10E36DDD-1F6A-4259-9A88-A42773C750EB}.Ad-Hoc|ARM.ActiveCfg = Ad-Hoc|iPhone
		{10E36DDD-1F6A-4259-9A88-A42773C750EB}.Ad-Hoc|iPhone.ActiveCfg = Ad-Hoc|iPhone
		{10E36DDD-1F6A-4259-9A88-A42773C750EB}.Ad-Hoc|iPhone.Build.0 = Ad-Hoc|iPhone
		{10E36DDD-1F6A-4259-9A88-A42773C750EB}.Ad-Hoc|iPhoneSimulator.ActiveCfg = Ad-Hoc|iPhoneSimulator
		{10E36DDD-1F6A-4259-9A88-A42773C750EB}.Ad-Hoc|iPhoneSimulator.Build.0 = Ad-Hoc|iPhoneSimulator
		{10E36DDD-1F6A-4259-9A88-A42773C750EB}.Ad-Hoc|x64.ActiveCfg = Ad-Hoc|iPhone
		{10E36DDD-1F6A-4259-9A88-A42773C750EB}.Ad-Hoc|x86.ActiveCfg = Ad-Hoc|iPhone
		{10E36DDD-1F6A-4259-9A88-A42773C750EB}.AppStore|Any CPU.ActiveCfg = AppStore|iPhone
		{10E36DDD-1F6A-4259-9A88-A42773C750EB}.AppStore|ARM.ActiveCfg = AppStore|iPhone
		{10E36DDD-1F6A-4259-9A88-A42773C750EB}.AppStore|iPhone.ActiveCfg = AppStore|iPhone
		{10E36DDD-1F6A-4259-9A88-A42773C750EB}.AppStore|iPhone.Build.0 = AppStore|iPhone
		{10E36DDD-1F6A-4259-9A88-A42773C750EB}.AppStore|iPhoneSimulator.ActiveCfg = AppStore|iPhoneSimulator
		{10E36DDD-1F6A-4259-9A88-A42773C750EB}.AppStore|iPhoneSimulator.Build.0 = AppStore|iPhoneSimulator
		{10E36DDD-1F6A-4259-9A88-A42773C750EB}.AppStore|x64.ActiveCfg = AppStore|iPhone
		{10E36DDD-1F6A-4259-9A88-A42773C750EB}.AppStore|x86.ActiveCfg = AppStore|iPhone
		{10E36DDD-1F6A-4259-9A88-A42773C750EB}.Debug|Any CPU.ActiveCfg = Debug|iPhone
		{10E36DDD-1F6A-4259-9A88-A42773C750EB}.Debug|ARM.ActiveCfg = Debug|iPhone
		{10E36DDD-1F6A-4259-9A88-A42773C750EB}.Debug|iPhone.ActiveCfg = Debug|iPhone
		{10E36DDD-1F6A-4259-9A88-A42773C750EB}.Debug|iPhone.Build.0 = Debug|iPhone
		{10E36DDD-1F6A-4259-9A88-A42773C750EB}.Debug|iPhoneSimulator.ActiveCfg = Debug|iPhoneSimulator
		{10E36DDD-1F6A-4259-9A88-A42773C750EB}.Debug|iPhoneSimulator.Build.0 = Debug|iPhoneSimulator
		{10E36DDD-1F6A-4259-9A88-A42773C750EB}.Debug|x64.ActiveCfg = Debug|iPhone
		{10E36DDD-1F6A-4259-9A88-A42773C750EB}.Debug|x86.ActiveCfg = Debug|iPhone
		{10E36DDD-1F6A-4259-9A88-A42773C750EB}.Release|Any CPU.ActiveCfg = Release|iPhone
		{10E36DDD-1F6A-4259-9A88-A42773C750EB}.Release|ARM.ActiveCfg = Release|iPhone
		{10E36DDD-1F6A-4259-9A88-A42773C750EB}.Release|iPhone.ActiveCfg = Release|iPhone
		{10E36DDD-1F6A-4259-9A88-A42773C750EB}.Release|iPhone.Build.0 = Release|iPhone
		{10E36DDD-1F6A-4259-9A88-A42773C750EB}.Release|iPhoneSimulator.ActiveCfg = Release|iPhoneSimulator
		{10E36DDD-1F6A-4259-9A88-A42773C750EB}.Release|iPhoneSimulator.Build.0 = Release|iPhoneSimulator
		{10E36DDD-1F6A-4259-9A88-A42773C750EB}.Release|x64.ActiveCfg = Release|iPhone
		{10E36DDD-1F6A-4259-9A88-A42773C750EB}.Release|x86.ActiveCfg = Release|iPhone
		{810C022C-5985-4C69-A677-526338860342}.Ad-Hoc|Any CPU.ActiveCfg = Release|x86
		{810C022C-5985-4C69-A677-526338860342}.Ad-Hoc|Any CPU.Build.0 = Release|x86
		{810C022C-5985-4C69-A677-526338860342}.Ad-Hoc|Any CPU.Deploy.0 = Release|x86
		{810C022C-5985-4C69-A677-526338860342}.Ad-Hoc|ARM.ActiveCfg = Release|ARM
		{810C022C-5985-4C69-A677-526338860342}.Ad-Hoc|ARM.Build.0 = Release|ARM
		{810C022C-5985-4C69-A677-526338860342}.Ad-Hoc|ARM.Deploy.0 = Release|ARM
		{810C022C-5985-4C69-A677-526338860342}.Ad-Hoc|iPhone.ActiveCfg = Release|x86
		{810C022C-5985-4C69-A677-526338860342}.Ad-Hoc|iPhone.Build.0 = Release|x86
		{810C022C-5985-4C69-A677-526338860342}.Ad-Hoc|iPhone.Deploy.0 = Release|x86
		{810C022C-5985-4C69-A677-526338860342}.Ad-Hoc|iPhoneSimulator.ActiveCfg = Release|x86
		{810C022C-5985-4C69-A677-526338860342}.Ad-Hoc|iPhoneSimulator.Build.0 = Release|x86
		{810C022C-5985-4C69-A677-526338860342}.Ad-Hoc|iPhoneSimulator.Deploy.0 = Release|x86
		{810C022C-5985-4C69-A677-526338860342}.Ad-Hoc|x64.ActiveCfg = Release|x64
		{810C022C-5985-4C69-A677-526338860342}.Ad-Hoc|x64.Build.0 = Release|x64
		{810C022C-5985-4C69-A677-526338860342}.Ad-Hoc|x64.Deploy.0 = Release|x64
		{810C022C-5985-4C69-A677-526338860342}.Ad-Hoc|x86.ActiveCfg = Release|x86
		{810C022C-5985-4C69-A677-526338860342}.Ad-Hoc|x86.Build.0 = Release|x86
		{810C022C-5985-4C69-A677-526338860342}.Ad-Hoc|x86.Deploy.0 = Release|x86
		{810C022C-5985-4C69-A677-526338860342}.AppStore|Any CPU.ActiveCfg = Release|x86
		{810C022C-5985-4C69-A677-526338860342}.AppStore|Any CPU.Build.0 = Release|x86
		{810C022C-5985-4C69-A677-526338860342}.AppStore|Any CPU.Deploy.0 = Release|x86
		{810C022C-5985-4C69-A677-526338860342}.AppStore|ARM.ActiveCfg = Release|ARM
		{810C022C-5985-4C69-A677-526338860342}.AppStore|ARM.Build.0 = Release|ARM
		{810C022C-5985-4C69-A677-526338860342}.AppStore|ARM.Deploy.0 = Release|ARM
		{810C022C-5985-4C69-A677-526338860342}.AppStore|iPhone.ActiveCfg = Release|x86
		{810C022C-5985-4C69-A677-526338860342}.AppStore|iPhone.Build.0 = Release|x86
		{810C022C-5985-4C69-A677-526338860342}.AppStore|iPhone.Deploy.0 = Release|x86
		{810C022C-5985-4C69-A677-526338860342}.AppStore|iPhoneSimulator.ActiveCfg = Release|x86
		{810C022C-5985-4C69-A677-526338860342}.AppStore|iPhoneSimulator.Build.0 = Release|x86
		{810C022C-5985-4C69-A677-526338860342}.AppStore|iPhoneSimulator.Deploy.0 = Release|x86
		{810C022C-5985-4C69-A677-526338860342}.AppStore|x64.ActiveCfg = Release|x64
		{810C022C-5985-4C69-A677-526338860342}.AppStore|x64.Build.0 = Release|x64
		{810C022C-5985-4C69-A677-526338860342}.AppStore|x64.Deploy.0 = Release|x64
		{810C022C-5985-4C69-A677-526338860342}.AppStore|x86.ActiveCfg = Release|x86
		{810C022C-5985-4C69-A677-526338860342}.AppStore|x86.Build.0 = Release|x86
		{810C022C-5985-4C69-A677-526338860342}.AppStore|x86.Deploy.0 = Release|x86
		{810C022C-5985-4C69-A677-526338860342}.Debug|Any CPU.ActiveCfg = Debug|x86
		{810C022C-5985-4C69-A677-526338860342}.Debug|ARM.ActiveCfg = Debug|ARM
		{810C022C-5985-4C69-A677-526338860342}.Debug|ARM.Build.0 = Debug|ARM
		{810C022C-5985-4C69-A677-526338860342}.Debug|ARM.Deploy.0 = Debug|ARM
		{810C022C-5985-4C69-A677-526338860342}.Debug|iPhone.ActiveCfg = Debug|x86
		{810C022C-5985-4C69-A677-526338860342}.Debug|iPhoneSimulator.ActiveCfg = Debug|x86
		{810C022C-5985-4C69-A677-526338860342}.Debug|x64.ActiveCfg = Debug|x64
		{810C022C-5985-4C69-A677-526338860342}.Debug|x64.Build.0 = Debug|x64
		{810C022C-5985-4C69-A677-526338860342}.Debug|x64.Deploy.0 = Debug|x64
		{810C022C-5985-4C69-A677-526338860342}.Debug|x86.ActiveCfg = Debug|x86
		{810C022C-5985-4C69-A677-526338860342}.Debug|x86.Build.0 = Debug|x86
		{810C022C-5985-4C69-A677-526338860342}.Debug|x86.Deploy.0 = Debug|x86
		{810C022C-5985-4C69-A677-526338860342}.Release|Any CPU.ActiveCfg = Release|x86
		{810C022C-5985-4C69-A677-526338860342}.Release|ARM.ActiveCfg = Release|ARM
		{810C022C-5985-4C69-A677-526338860342}.Release|ARM.Build.0 = Release|ARM
		{810C022C-5985-4C69-A677-526338860342}.Release|ARM.Deploy.0 = Release|ARM
		{810C022C-5985-4C69-A677-526338860342}.Release|iPhone.ActiveCfg = Release|x86
		{810C022C-5985-4C69-A677-526338860342}.Release|iPhoneSimulator.ActiveCfg = Release|x86
		{810C022C-5985-4C69-A677-526338860342}.Release|x64.ActiveCfg = Release|x64
		{810C022C-5985-4C69-A677-526338860342}.Release|x64.Build.0 = Release|x64
		{810C022C-5985-4C69-A677-526338860342}.Release|x64.Deploy.0 = Release|x64
		{810C022C-5985-4C69-A677-526338860342}.Release|x86.ActiveCfg = Release|x86
		{810C022C-5985-4C69-A677-526338860342}.Release|x86.Build.0 = Release|x86
		{810C022C-5985-4C69-A677-526338860342}.Release|x86.Deploy.0 = Release|x86
	EndGlobalSection
	GlobalSection(SolutionProperties) = preSolution
		HideSolutionNode = FALSE
	EndGlobalSection
	GlobalSection(ExtensibilityGlobals) = postSolution
		SolutionGuid = {55576D6A-0DCB-43DA-AD21-A83C0AFF8444}
	EndGlobalSection
EndGlobal
