
Microsoft Visual Studio Solution File, Format Version 12.00
# Visual Studio 15
VisualStudioVersion = 15.0.26430.15
MinimumVisualStudioVersion = 10.0.40219.1
Project("{FAE04EC0-301F-11D3-BF4B-00C04F79EFBC}") = "GR.Contracts", "GR.Contracts\GR.Contracts.csproj", "{5432FEA9-DB0A-4C9B-BC98-68B23BE9592D}"
EndProject
Project("{FAE04EC0-301F-11D3-BF4B-00C04F79EFBC}") = "GR.Client.Console", "GR.Client.Console\GR.Client.Console.csproj", "{B241E90F-9E7D-4C68-B64D-BAC82155A551}"
EndProject
Project("{FAE04EC0-301F-11D3-BF4B-00C04F79EFBC}") = "GR.Client.Console.Tests", "GR.Client.Console.Tests\GR.Client.Console.Tests.csproj", "{CE195129-54FD-48C1-A1B8-9F71610BACFB}"
EndProject
Global
	GlobalSection(SolutionConfigurationPlatforms) = preSolution
		Ad-Hoc|Any CPU = Ad-Hoc|Any CPU
		Ad-Hoc|ARM = Ad-Hoc|ARM
		Ad-Hoc|iPhone = Ad-Hoc|iPhone
		Ad-Hoc|iPhoneSimulator = Ad-Hoc|iPhoneSimulator
		Ad-Hoc|x64 = Ad-Hoc|x64
		Ad-Hoc|x86 = Ad-Hoc|x86
		AppStore|Any CPU = AppStore|Any CPU
		AppStore|ARM = AppStore|ARM
		AppStore|iPhone = AppStore|iPhone
		AppStore|iPhoneSimulator = AppStore|iPhoneSimulator
		AppStore|x64 = AppStore|x64
		AppStore|x86 = AppStore|x86
		Debug|Any CPU = Debug|Any CPU
		Debug|ARM = Debug|ARM
		Debug|iPhone = Debug|iPhone
		Debug|iPhoneSimulator = Debug|iPhoneSimulator
		Debug|x64 = Debug|x64
		Debug|x86 = Debug|x86
		Release|Any CPU = Release|Any CPU
		Release|ARM = Release|ARM
		Release|iPhone = Release|iPhone
		Release|iPhoneSimulator = Release|iPhoneSimulator
		Release|x64 = Release|x64
		Release|x86 = Release|x86
	EndGlobalSection
	GlobalSection(ProjectConfigurationPlatforms) = postSolution
		{5432FEA9-DB0A-4C9B-BC98-68B23BE9592D}.Ad-Hoc|Any CPU.ActiveCfg = Release|Any CPU
		{5432FEA9-DB0A-4C9B-BC98-68B23BE9592D}.Ad-Hoc|Any CPU.Build.0 = Release|Any CPU
		{5432FEA9-DB0A-4C9B-BC98-68B23BE9592D}.Ad-Hoc|ARM.ActiveCfg = Release|Any CPU
		{5432FEA9-DB0A-4C9B-BC98-68B23BE9592D}.Ad-Hoc|ARM.Build.0 = Release|Any CPU
		{5432FEA9-DB0A-4C9B-BC98-68B23BE9592D}.Ad-Hoc|iPhone.ActiveCfg = Release|Any CPU
		{5432FEA9-DB0A-4C9B-BC98-68B23BE9592D}.Ad-Hoc|iPhone.Build.0 = Release|Any CPU
		{5432FEA9-DB0A-4C9B-BC98-68B23BE9592D}.Ad-Hoc|iPhoneSimulator.ActiveCfg = Release|Any CPU
		{5432FEA9-DB0A-4C9B-BC98-68B23BE9592D}.Ad-Hoc|iPhoneSimulator.Build.0 = Release|Any CPU
		{5432FEA9-DB0A-4C9B-BC98-68B23BE9592D}.Ad-Hoc|x64.ActiveCfg = Release|Any CPU
		{5432FEA9-DB0A-4C9B-BC98-68B23BE9592D}.Ad-Hoc|x64.Build.0 = Release|Any CPU
		{5432FEA9-DB0A-4C9B-BC98-68B23BE9592D}.Ad-Hoc|x86.ActiveCfg = Release|Any CPU
		{5432FEA9-DB0A-4C9B-BC98-68B23BE9592D}.Ad-Hoc|x86.Build.0 = Release|Any CPU
		{5432FEA9-DB0A-4C9B-BC98-68B23BE9592D}.AppStore|Any CPU.ActiveCfg = Release|Any CPU
		{5432FEA9-DB0A-4C9B-BC98-68B23BE9592D}.AppStore|Any CPU.Build.0 = Release|Any CPU
		{5432FEA9-DB0A-4C9B-BC98-68B23BE9592D}.AppStore|ARM.ActiveCfg = Release|Any CPU
		{5432FEA9-DB0A-4C9B-BC98-68B23BE9592D}.AppStore|ARM.Build.0 = Release|Any CPU
		{5432FEA9-DB0A-4C9B-BC98-68B23BE9592D}.AppStore|iPhone.ActiveCfg = Release|Any CPU
		{5432FEA9-DB0A-4C9B-BC98-68B23BE9592D}.AppStore|iPhone.Build.0 = Release|Any CPU
		{5432FEA9-DB0A-4C9B-BC98-68B23BE9592D}.AppStore|iPhoneSimulator.ActiveCfg = Release|Any CPU
		{5432FEA9-DB0A-4C9B-BC98-68B23BE9592D}.AppStore|iPhoneSimulator.Build.0 = Release|Any CPU
		{5432FEA9-DB0A-4C9B-BC98-68B23BE9592D}.AppStore|x64.ActiveCfg = Release|Any CPU
		{5432FEA9-DB0A-4C9B-BC98-68B23BE9592D}.AppStore|x64.Build.0 = Release|Any CPU
		{5432FEA9-DB0A-4C9B-BC98-68B23BE9592D}.AppStore|x86.ActiveCfg = Release|Any CPU
		{5432FEA9-DB0A-4C9B-BC98-68B23BE9592D}.AppStore|x86.Build.0 = Release|Any CPU
		{5432FEA9-DB0A-4C9B-BC98-68B23BE9592D}.Debug|Any CPU.ActiveCfg = Debug|Any CPU
		{5432FEA9-DB0A-4C9B-BC98-68B23BE9592D}.Debug|Any CPU.Build.0 = Debug|Any CPU
		{5432FEA9-DB0A-4C9B-BC98-68B23BE9592D}.Debug|ARM.ActiveCfg = Debug|Any CPU
		{5432FEA9-DB0A-4C9B-BC98-68B23BE9592D}.Debug|ARM.Build.0 = Debug|Any CPU
		{5432FEA9-DB0A-4C9B-BC98-68B23BE9592D}.Debug|iPhone.ActiveCfg = Debug|Any CPU
		{5432FEA9-DB0A-4C9B-BC98-68B23BE9592D}.Debug|iPhone.Build.0 = Debug|Any CPU
		{5432FEA9-DB0A-4C9B-BC98-68B23BE9592D}.Debug|iPhoneSimulator.ActiveCfg = Debug|Any CPU
		{5432FEA9-DB0A-4C9B-BC98-68B23BE9592D}.Debug|iPhoneSimulator.Build.0 = Debug|Any CPU
		{5432FEA9-DB0A-4C9B-BC98-68B23BE9592D}.Debug|x64.ActiveCfg = Debug|Any CPU
		{5432FEA9-DB0A-4C9B-BC98-68B23BE9592D}.Debug|x64.Build.0 = Debug|Any CPU
		{5432FEA9-DB0A-4C9B-BC98-68B23BE9592D}.Debug|x86.ActiveCfg = Debug|Any CPU
		{5432FEA9-DB0A-4C9B-BC98-68B23BE9592D}.Debug|x86.Build.0 = Debug|Any CPU
		{5432FEA9-DB0A-4C9B-BC98-68B23BE9592D}.Release|Any CPU.ActiveCfg = Release|Any CPU
		{5432FEA9-DB0A-4C9B-BC98-68B23BE9592D}.Release|Any CPU.Build.0 = Release|Any CPU
		{5432FEA9-DB0A-4C9B-BC98-68B23BE9592D}.Release|ARM.ActiveCfg = Release|Any CPU
		{5432FEA9-DB0A-4C9B-BC98-68B23BE9592D}.Release|ARM.Build.0 = Release|Any CPU
		{5432FEA9-DB0A-4C9B-BC98-68B23BE9592D}.Release|iPhone.ActiveCfg = Release|Any CPU
		{5432FEA9-DB0A-4C9B-BC98-68B23BE9592D}.Release|iPhone.Build.0 = Release|Any CPU
		{5432FEA9-DB0A-4C9B-BC98-68B23BE9592D}.Release|iPhoneSimulator.ActiveCfg = Release|Any CPU
		{5432FEA9-DB0A-4C9B-BC98-68B23BE9592D}.Release|iPhoneSimulator.Build.0 = Release|Any CPU
		{5432FEA9-DB0A-4C9B-BC98-68B23BE9592D}.Release|x64.ActiveCfg = Release|Any CPU
		{5432FEA9-DB0A-4C9B-BC98-68B23BE9592D}.Release|x64.Build.0 = Release|Any CPU
		{5432FEA9-DB0A-4C9B-BC98-68B23BE9592D}.Release|x86.ActiveCfg = Release|Any CPU
		{5432FEA9-DB0A-4C9B-BC98-68B23BE9592D}.Release|x86.Build.0 = Release|Any CPU
		{B241E90F-9E7D-4C68-B64D-BAC82155A551}.Ad-Hoc|Any CPU.ActiveCfg = Release|Any CPU
		{B241E90F-9E7D-4C68-B64D-BAC82155A551}.Ad-Hoc|Any CPU.Build.0 = Release|Any CPU
		{B241E90F-9E7D-4C68-B64D-BAC82155A551}.Ad-Hoc|ARM.ActiveCfg = Release|Any CPU
		{B241E90F-9E7D-4C68-B64D-BAC82155A551}.Ad-Hoc|ARM.Build.0 = Release|Any CPU
		{B241E90F-9E7D-4C68-B64D-BAC82155A551}.Ad-Hoc|iPhone.ActiveCfg = Release|Any CPU
		{B241E90F-9E7D-4C68-B64D-BAC82155A551}.Ad-Hoc|iPhone.Build.0 = Release|Any CPU
		{B241E90F-9E7D-4C68-B64D-BAC82155A551}.Ad-Hoc|iPhoneSimulator.ActiveCfg = Release|Any CPU
		{B241E90F-9E7D-4C68-B64D-BAC82155A551}.Ad-Hoc|iPhoneSimulator.Build.0 = Release|Any CPU
		{B241E90F-9E7D-4C68-B64D-BAC82155A551}.Ad-Hoc|x64.ActiveCfg = Release|Any CPU
		{B241E90F-9E7D-4C68-B64D-BAC82155A551}.Ad-Hoc|x64.Build.0 = Release|Any CPU
		{B241E90F-9E7D-4C68-B64D-BAC82155A551}.Ad-Hoc|x86.ActiveCfg = Release|Any CPU
		{B241E90F-9E7D-4C68-B64D-BAC82155A551}.Ad-Hoc|x86.Build.0 = Release|Any CPU
		{B241E90F-9E7D-4C68-B64D-BAC82155A551}.AppStore|Any CPU.ActiveCfg = Release|Any CPU
		{B241E90F-9E7D-4C68-B64D-BAC82155A551}.AppStore|Any CPU.Build.0 = Release|Any CPU
		{B241E90F-9E7D-4C68-B64D-BAC82155A551}.AppStore|ARM.ActiveCfg = Release|Any CPU
		{B241E90F-9E7D-4C68-B64D-BAC82155A551}.AppStore|ARM.Build.0 = Release|Any CPU
		{B241E90F-9E7D-4C68-B64D-BAC82155A551}.AppStore|iPhone.ActiveCfg = Release|Any CPU
		{B241E90F-9E7D-4C68-B64D-BAC82155A551}.AppStore|iPhone.Build.0 = Release|Any CPU
		{B241E90F-9E7D-4C68-B64D-BAC82155A551}.AppStore|iPhoneSimulator.ActiveCfg = Release|Any CPU
		{B241E90F-9E7D-4C68-B64D-BAC82155A551}.AppStore|iPhoneSimulator.Build.0 = Release|Any CPU
		{B241E90F-9E7D-4C68-B64D-BAC82155A551}.AppStore|x64.ActiveCfg = Release|Any CPU
		{B241E90F-9E7D-4C68-B64D-BAC82155A551}.AppStore|x64.Build.0 = Release|Any CPU
		{B241E90F-9E7D-4C68-B64D-BAC82155A551}.AppStore|x86.ActiveCfg = Release|Any CPU
		{B241E90F-9E7D-4C68-B64D-BAC82155A551}.AppStore|x86.Build.0 = Release|Any CPU
		{B241E90F-9E7D-4C68-B64D-BAC82155A551}.Debug|Any CPU.ActiveCfg = Debug|Any CPU
		{B241E90F-9E7D-4C68-B64D-BAC82155A551}.Debug|Any CPU.Build.0 = Debug|Any CPU
		{B241E90F-9E7D-4C68-B64D-BAC82155A551}.Debug|ARM.ActiveCfg = Debug|Any CPU
		{B241E90F-9E7D-4C68-B64D-BAC82155A551}.Debug|ARM.Build.0 = Debug|Any CPU
		{B241E90F-9E7D-4C68-B64D-BAC82155A551}.Debug|iPhone.ActiveCfg = Debug|Any CPU
		{B241E90F-9E7D-4C68-B64D-BAC82155A551}.Debug|iPhone.Build.0 = Debug|Any CPU
		{B241E90F-9E7D-4C68-B64D-BAC82155A551}.Debug|iPhoneSimulator.ActiveCfg = Debug|Any CPU
		{B241E90F-9E7D-4C68-B64D-BAC82155A551}.Debug|iPhoneSimulator.Build.0 = Debug|Any CPU
		{B241E90F-9E7D-4C68-B64D-BAC82155A551}.Debug|x64.ActiveCfg = Debug|Any CPU
		{B241E90F-9E7D-4C68-B64D-BAC82155A551}.Debug|x64.Build.0 = Debug|Any CPU
		{B241E90F-9E7D-4C68-B64D-BAC82155A551}.Debug|x86.ActiveCfg = Debug|Any CPU
		{B241E90F-9E7D-4C68-B64D-BAC82155A551}.Debug|x86.Build.0 = Debug|Any CPU
		{B241E90F-9E7D-4C68-B64D-BAC82155A551}.Release|Any CPU.ActiveCfg = Release|Any CPU
		{B241E90F-9E7D-4C68-B64D-BAC82155A551}.Release|Any CPU.Build.0 = Release|Any CPU
		{B241E90F-9E7D-4C68-B64D-BAC82155A551}.Release|ARM.ActiveCfg = Release|Any CPU
		{B241E90F-9E7D-4C68-B64D-BAC82155A551}.Release|ARM.Build.0 = Release|Any CPU
		{B241E90F-9E7D-4C68-B64D-BAC82155A551}.Release|iPhone.ActiveCfg = Release|Any CPU
		{B241E90F-9E7D-4C68-B64D-BAC82155A551}.Release|iPhone.Build.0 = Release|Any CPU
		{B241E90F-9E7D-4C68-B64D-BAC82155A551}.Release|iPhoneSimulator.ActiveCfg = Release|Any CPU
		{B241E90F-9E7D-4C68-B64D-BAC82155A551}.Release|iPhoneSimulator.Build.0 = Release|Any CPU
		{B241E90F-9E7D-4C68-B64D-BAC82155A551}.Release|x64.ActiveCfg = Release|Any CPU
		{B241E90F-9E7D-4C68-B64D-BAC82155A551}.Release|x64.Build.0 = Release|Any CPU
		{B241E90F-9E7D-4C68-B64D-BAC82155A551}.Release|x86.ActiveCfg = Release|Any CPU
		{B241E90F-9E7D-4C68-B64D-BAC82155A551}.Release|x86.Build.0 = Release|Any CPU
		{CE195129-54FD-48C1-A1B8-9F71610BACFB}.Ad-Hoc|Any CPU.ActiveCfg = Release|Any CPU
		{CE195129-54FD-48C1-A1B8-9F71610BACFB}.Ad-Hoc|Any CPU.Build.0 = Release|Any CPU
		{CE195129-54FD-48C1-A1B8-9F71610BACFB}.Ad-Hoc|ARM.ActiveCfg = Release|Any CPU
		{CE195129-54FD-48C1-A1B8-9F71610BACFB}.Ad-Hoc|ARM.Build.0 = Release|Any CPU
		{CE195129-54FD-48C1-A1B8-9F71610BACFB}.Ad-Hoc|iPhone.ActiveCfg = Release|Any CPU
		{CE195129-54FD-48C1-A1B8-9F71610BACFB}.Ad-Hoc|iPhone.Build.0 = Release|Any CPU
		{CE195129-54FD-48C1-A1B8-9F71610BACFB}.Ad-Hoc|iPhoneSimulator.ActiveCfg = Release|Any CPU
		{CE195129-54FD-48C1-A1B8-9F71610BACFB}.Ad-Hoc|iPhoneSimulator.Build.0 = Release|Any CPU
		{CE195129-54FD-48C1-A1B8-9F71610BACFB}.Ad-Hoc|x64.ActiveCfg = Release|Any CPU
		{CE195129-54FD-48C1-A1B8-9F71610BACFB}.Ad-Hoc|x64.Build.0 = Release|Any CPU
		{CE195129-54FD-48C1-A1B8-9F71610BACFB}.Ad-Hoc|x86.ActiveCfg = Release|Any CPU
		{CE195129-54FD-48C1-A1B8-9F71610BACFB}.Ad-Hoc|x86.Build.0 = Release|Any CPU
		{CE195129-54FD-48C1-A1B8-9F71610BACFB}.AppStore|Any CPU.ActiveCfg = Release|Any CPU
		{CE195129-54FD-48C1-A1B8-9F71610BACFB}.AppStore|Any CPU.Build.0 = Release|Any CPU
		{CE195129-54FD-48C1-A1B8-9F71610BACFB}.AppStore|ARM.ActiveCfg = Release|Any CPU
		{CE195129-54FD-48C1-A1B8-9F71610BACFB}.AppStore|ARM.Build.0 = Release|Any CPU
		{CE195129-54FD-48C1-A1B8-9F71610BACFB}.AppStore|iPhone.ActiveCfg = Release|Any CPU
		{CE195129-54FD-48C1-A1B8-9F71610BACFB}.AppStore|iPhone.Build.0 = Release|Any CPU
		{CE195129-54FD-48C1-A1B8-9F71610BACFB}.AppStore|iPhoneSimulator.ActiveCfg = Release|Any CPU
		{CE195129-54FD-48C1-A1B8-9F71610BACFB}.AppStore|iPhoneSimulator.Build.0 = Release|Any CPU
		{CE195129-54FD-48C1-A1B8-9F71610BACFB}.AppStore|x64.ActiveCfg = Release|Any CPU
		{CE195129-54FD-48C1-A1B8-9F71610BACFB}.AppStore|x64.Build.0 = Release|Any CPU
		{CE195129-54FD-48C1-A1B8-9F71610BACFB}.AppStore|x86.ActiveCfg = Release|Any CPU
		{CE195129-54FD-48C1-A1B8-9F71610BACFB}.AppStore|x86.Build.0 = Release|Any CPU
		{CE195129-54FD-48C1-A1B8-9F71610BACFB}.Debug|Any CPU.ActiveCfg = Debug|Any CPU
		{CE195129-54FD-48C1-A1B8-9F71610BACFB}.Debug|Any CPU.Build.0 = Debug|Any CPU
		{CE195129-54FD-48C1-A1B8-9F71610BACFB}.Debug|ARM.ActiveCfg = Debug|Any CPU
		{CE195129-54FD-48C1-A1B8-9F71610BACFB}.Debug|ARM.Build.0 = Debug|Any CPU
		{CE195129-54FD-48C1-A1B8-9F71610BACFB}.Debug|iPhone.ActiveCfg = Debug|Any CPU
		{CE195129-54FD-48C1-A1B8-9F71610BACFB}.Debug|iPhone.Build.0 = Debug|Any CPU
		{CE195129-54FD-48C1-A1B8-9F71610BACFB}.Debug|iPhoneSimulator.ActiveCfg = Debug|Any CPU
		{CE195129-54FD-48C1-A1B8-9F71610BACFB}.Debug|iPhoneSimulator.Build.0 = Debug|Any CPU
		{CE195129-54FD-48C1-A1B8-9F71610BACFB}.Debug|x64.ActiveCfg = Debug|Any CPU
		{CE195129-54FD-48C1-A1B8-9F71610BACFB}.Debug|x64.Build.0 = Debug|Any CPU
		{CE195129-54FD-48C1-A1B8-9F71610BACFB}.Debug|x86.ActiveCfg = Debug|Any CPU
		{CE195129-54FD-48C1-A1B8-9F71610BACFB}.Debug|x86.Build.0 = Debug|Any CPU
		{CE195129-54FD-48C1-A1B8-9F71610BACFB}.Release|Any CPU.ActiveCfg = Release|Any CPU
		{CE195129-54FD-48C1-A1B8-9F71610BACFB}.Release|Any CPU.Build.0 = Release|Any CPU
		{CE195129-54FD-48C1-A1B8-9F71610BACFB}.Release|ARM.ActiveCfg = Release|Any CPU
		{CE195129-54FD-48C1-A1B8-9F71610BACFB}.Release|ARM.Build.0 = Release|Any CPU
		{CE195129-54FD-48C1-A1B8-9F71610BACFB}.Release|iPhone.ActiveCfg = Release|Any CPU
		{CE195129-54FD-48C1-A1B8-9F71610BACFB}.Release|iPhone.Build.0 = Release|Any CPU
		{CE195129-54FD-48C1-A1B8-9F71610BACFB}.Release|iPhoneSimulator.ActiveCfg = Release|Any CPU
		{CE195129-54FD-48C1-A1B8-9F71610BACFB}.Release|iPhoneSimulator.Build.0 = Release|Any CPU
		{CE195129-54FD-48C1-A1B8-9F71610BACFB}.Release|x64.ActiveCfg = Release|Any CPU
		{CE195129-54FD-48C1-A1B8-9F71610BACFB}.Release|x64.Build.0 = Release|Any CPU
		{CE195129-54FD-48C1-A1B8-9F71610BACFB}.Release|x86.ActiveCfg = Release|Any CPU
		{CE195129-54FD-48C1-A1B8-9F71610BACFB}.Release|x86.Build.0 = Release|Any CPU
	EndGlobalSection
	GlobalSection(SolutionProperties) = preSolution
		HideSolutionNode = FALSE
	EndGlobalSection
	GlobalSection(ExtensibilityGlobals) = postSolution
		SolutionGuid = {55576D6A-0DCB-43DA-AD21-A83C0AFF8444}
	EndGlobalSection
EndGlobal
